version: 6
environments:
  default:
    channels:
    - url: https://conda.anaconda.org/conda-forge/
    indexes:
    - https://pypi.org/simple
    packages:
      osx-arm64:
      - conda: https://conda.anaconda.org/conda-forge/osx-arm64/bzip2-1.0.8-h99b78c6_7.conda
      - conda: https://conda.anaconda.org/conda-forge/osx-arm64/ca-certificates-2025.1.31-hf0a4a13_0.conda
      - conda: https://conda.anaconda.org/conda-forge/osx-arm64/libexpat-2.7.0-h286801f_0.conda
      - conda: https://conda.anaconda.org/conda-forge/osx-arm64/libffi-3.4.6-h1da3d7d_1.conda
      - conda: https://conda.anaconda.org/conda-forge/osx-arm64/liblzma-5.8.1-h39f12f2_0.conda
      - conda: https://conda.anaconda.org/conda-forge/osx-arm64/libsqlite-3.49.1-h3f77e49_2.conda
      - conda: https://conda.anaconda.org/conda-forge/osx-arm64/libzlib-1.3.1-h8359307_2.conda
      - conda: https://conda.anaconda.org/conda-forge/osx-arm64/ncurses-6.5-h5e97a16_3.conda
      - conda: https://conda.anaconda.org/conda-forge/osx-arm64/openssl-3.5.0-h81ee809_0.conda
      - conda: https://conda.anaconda.org/conda-forge/osx-arm64/python-3.11.12-hc22306f_0_cpython.conda
      - conda: https://conda.anaconda.org/conda-forge/osx-arm64/readline-8.2-h1d1bf99_2.conda
      - conda: https://conda.anaconda.org/conda-forge/osx-arm64/tk-8.6.13-h5083fa2_1.conda
      - conda: https://conda.anaconda.org/conda-forge/noarch/tzdata-2025b-h78e105d_0.conda
      - pypi: https://files.pythonhosted.org/packages/4d/36/2a115987e2d8c300a974597416d9de88f2444426de9571f4b59b2cca3acc/filelock-3.18.0-py3-none-any.whl
      - pypi: https://files.pythonhosted.org/packages/44/4b/e0cfc1a6f17e990f3e64b7d941ddc4acdc7b19d6edd51abf495f32b1a9e4/fsspec-2025.3.2-py3-none-any.whl
      - pypi: https://files.pythonhosted.org/packages/62/a1/3d680cbfd5f4b8f15abc1d571870c5fc3e594bb582bc3b64ea099db13e56/jinja2-3.1.6-py3-none-any.whl
      - pypi: https://files.pythonhosted.org/packages/6c/30/316d194b093cde57d448a4c3209f22e3046c5bb2fb0820b118292b334be7/MarkupSafe-3.0.2-cp311-cp311-macosx_11_0_arm64.whl
      - pypi: https://files.pythonhosted.org/packages/43/e3/7d92a15f894aa0c9c4b49b8ee9ac9850d6e63b03c9c32c0367a13ae62209/mpmath-1.3.0-py3-none-any.whl
      - pypi: https://files.pythonhosted.org/packages/b9/54/dd730b32ea14ea797530a4479b2ed46a6fb250f682a9cfb997e968bf0261/networkx-3.4.2-py3-none-any.whl
      - pypi: https://files.pythonhosted.org/packages/a2/0a/1212befdbecab5d80eca3cde47d304cad986ad4eec7d85a42e0b6d2cc2ef/numpy-2.2.4-cp311-cp311-macosx_11_0_arm64.whl
      - pypi: https://files.pythonhosted.org/packages/d9/45/3fe487010dd9ce0a06adf9b8ff4f273cc0a44536e234b0fad3532a42c15b/pillow-11.1.0-cp311-cp311-macosx_11_0_arm64.whl
      - pypi: https://files.pythonhosted.org/packages/96/6e/45cdea9b1c5e72bba52ca7c810baf96709e89f59b563d27bab0c1d726aed/pnnx-20250403-py3-none-macosx_10_9_universal2.macosx_10_9_x86_64.macosx_11_0_arm64.whl
      - pypi: https://files.pythonhosted.org/packages/b2/fe/81695a1aa331a842b582453b605175f419fe8540355886031328089d840a/sympy-1.13.1-py3-none-any.whl
      - pypi: https://files.pythonhosted.org/packages/0b/fa/f33a4148c6fb46ca2a3f8de39c24d473822d5774d652b66ed9b1214da5f7/torch-2.6.0-cp311-none-macosx_11_0_arm64.whl
      - pypi: https://files.pythonhosted.org/packages/29/88/00c69db213ee2443ada8886ec60789b227e06bb869d85ee324578221a7f7/torchvision-0.21.0-cp311-cp311-macosx_11_0_arm64.whl
      - pypi: https://files.pythonhosted.org/packages/8b/54/b1ae86c0973cc6f0210b53d508ca3641fb6d0c56823f288d108bc7ab3cc8/typing_extensions-4.13.2-py3-none-any.whl
packages:
- conda: https://conda.anaconda.org/conda-forge/osx-arm64/bzip2-1.0.8-h99b78c6_7.conda
  sha256: adfa71f158cbd872a36394c56c3568e6034aa55c623634b37a4836bd036e6b91
  md5: fc6948412dbbbe9a4c9ddbbcfe0a79ab
  depends:
  - __osx >=11.0
  license: bzip2-1.0.6
  license_family: BSD
  purls: []
  size: 122909
  timestamp: 1720974522888
- conda: https://conda.anaconda.org/conda-forge/osx-arm64/ca-certificates-2025.1.31-hf0a4a13_0.conda
  sha256: 7e12816618173fe70f5c638b72adf4bfd4ddabf27794369bb17871c5bb75b9f9
  md5: 3569d6a9141adc64d2fe4797f3289e06
  license: ISC
  purls: []
  size: 158425
  timestamp: 1738298167688
- pypi: https://files.pythonhosted.org/packages/4d/36/2a115987e2d8c300a974597416d9de88f2444426de9571f4b59b2cca3acc/filelock-3.18.0-py3-none-any.whl
  name: filelock
  version: 3.18.0
  sha256: c401f4f8377c4464e6db25fff06205fd89bdd83b65eb0488ed1b160f780e21de
  requires_dist:
  - furo>=2024.8.6 ; extra == 'docs'
  - sphinx-autodoc-typehints>=3 ; extra == 'docs'
  - sphinx>=8.1.3 ; extra == 'docs'
  - covdefaults>=2.3 ; extra == 'testing'
  - coverage>=7.6.10 ; extra == 'testing'
  - diff-cover>=9.2.1 ; extra == 'testing'
  - pytest-asyncio>=0.25.2 ; extra == 'testing'
  - pytest-cov>=6 ; extra == 'testing'
  - pytest-mock>=3.14 ; extra == 'testing'
  - pytest-timeout>=2.3.1 ; extra == 'testing'
  - pytest>=8.3.4 ; extra == 'testing'
  - virtualenv>=20.28.1 ; extra == 'testing'
  - typing-extensions>=4.12.2 ; python_full_version < '3.11' and extra == 'typing'
  requires_python: '>=3.9'
- pypi: https://files.pythonhosted.org/packages/44/4b/e0cfc1a6f17e990f3e64b7d941ddc4acdc7b19d6edd51abf495f32b1a9e4/fsspec-2025.3.2-py3-none-any.whl
  name: fsspec
  version: 2025.3.2
  sha256: 2daf8dc3d1dfa65b6aa37748d112773a7a08416f6c70d96b264c96476ecaf711
  requires_dist:
  - adlfs ; extra == 'abfs'
  - adlfs ; extra == 'adl'
  - pyarrow>=1 ; extra == 'arrow'
  - dask ; extra == 'dask'
  - distributed ; extra == 'dask'
  - pre-commit ; extra == 'dev'
  - ruff ; extra == 'dev'
  - numpydoc ; extra == 'doc'
  - sphinx ; extra == 'doc'
  - sphinx-design ; extra == 'doc'
  - sphinx-rtd-theme ; extra == 'doc'
  - yarl ; extra == 'doc'
  - dropbox ; extra == 'dropbox'
  - dropboxdrivefs ; extra == 'dropbox'
  - requests ; extra == 'dropbox'
  - adlfs ; extra == 'full'
  - aiohttp!=4.0.0a0,!=4.0.0a1 ; extra == 'full'
  - dask ; extra == 'full'
  - distributed ; extra == 'full'
  - dropbox ; extra == 'full'
  - dropboxdrivefs ; extra == 'full'
  - fusepy ; extra == 'full'
  - gcsfs ; extra == 'full'
  - libarchive-c ; extra == 'full'
  - ocifs ; extra == 'full'
  - panel ; extra == 'full'
  - paramiko ; extra == 'full'
  - pyarrow>=1 ; extra == 'full'
  - pygit2 ; extra == 'full'
  - requests ; extra == 'full'
  - s3fs ; extra == 'full'
  - smbprotocol ; extra == 'full'
  - tqdm ; extra == 'full'
  - fusepy ; extra == 'fuse'
  - gcsfs ; extra == 'gcs'
  - pygit2 ; extra == 'git'
  - requests ; extra == 'github'
  - gcsfs ; extra == 'gs'
  - panel ; extra == 'gui'
  - pyarrow>=1 ; extra == 'hdfs'
  - aiohttp!=4.0.0a0,!=4.0.0a1 ; extra == 'http'
  - libarchive-c ; extra == 'libarchive'
  - ocifs ; extra == 'oci'
  - s3fs ; extra == 's3'
  - paramiko ; extra == 'sftp'
  - smbprotocol ; extra == 'smb'
  - paramiko ; extra == 'ssh'
  - aiohttp!=4.0.0a0,!=4.0.0a1 ; extra == 'test'
  - numpy ; extra == 'test'
  - pytest ; extra == 'test'
  - pytest-asyncio!=0.22.0 ; extra == 'test'
  - pytest-benchmark ; extra == 'test'
  - pytest-cov ; extra == 'test'
  - pytest-mock ; extra == 'test'
  - pytest-recording ; extra == 'test'
  - pytest-rerunfailures ; extra == 'test'
  - requests ; extra == 'test'
  - aiobotocore>=2.5.4,<3.0.0 ; extra == 'test-downstream'
  - dask[dataframe,test] ; extra == 'test-downstream'
  - moto[server]>4,<5 ; extra == 'test-downstream'
  - pytest-timeout ; extra == 'test-downstream'
  - xarray ; extra == 'test-downstream'
  - adlfs ; extra == 'test-full'
  - aiohttp!=4.0.0a0,!=4.0.0a1 ; extra == 'test-full'
  - cloudpickle ; extra == 'test-full'
  - dask ; extra == 'test-full'
  - distributed ; extra == 'test-full'
  - dropbox ; extra == 'test-full'
  - dropboxdrivefs ; extra == 'test-full'
  - fastparquet ; extra == 'test-full'
  - fusepy ; extra == 'test-full'
  - gcsfs ; extra == 'test-full'
  - jinja2 ; extra == 'test-full'
  - kerchunk ; extra == 'test-full'
  - libarchive-c ; extra == 'test-full'
  - lz4 ; extra == 'test-full'
  - notebook ; extra == 'test-full'
  - numpy ; extra == 'test-full'
  - ocifs ; extra == 'test-full'
  - pandas ; extra == 'test-full'
  - panel ; extra == 'test-full'
  - paramiko ; extra == 'test-full'
  - pyarrow ; extra == 'test-full'
  - pyarrow>=1 ; extra == 'test-full'
  - pyftpdlib ; extra == 'test-full'
  - pygit2 ; extra == 'test-full'
  - pytest ; extra == 'test-full'
  - pytest-asyncio!=0.22.0 ; extra == 'test-full'
  - pytest-benchmark ; extra == 'test-full'
  - pytest-cov ; extra == 'test-full'
  - pytest-mock ; extra == 'test-full'
  - pytest-recording ; extra == 'test-full'
  - pytest-rerunfailures ; extra == 'test-full'
  - python-snappy ; extra == 'test-full'
  - requests ; extra == 'test-full'
  - smbprotocol ; extra == 'test-full'
  - tqdm ; extra == 'test-full'
  - urllib3 ; extra == 'test-full'
  - zarr ; extra == 'test-full'
  - zstandard ; extra == 'test-full'
  - tqdm ; extra == 'tqdm'
  requires_python: '>=3.9'
- pypi: https://files.pythonhosted.org/packages/62/a1/3d680cbfd5f4b8f15abc1d571870c5fc3e594bb582bc3b64ea099db13e56/jinja2-3.1.6-py3-none-any.whl
  name: jinja2
  version: 3.1.6
  sha256: 85ece4451f492d0c13c5dd7c13a64681a86afae63a5f347908daf103ce6d2f67
  requires_dist:
  - markupsafe>=2.0
  - babel>=2.7 ; extra == 'i18n'
  requires_python: '>=3.7'
- conda: https://conda.anaconda.org/conda-forge/osx-arm64/libexpat-2.7.0-h286801f_0.conda
  sha256: ee550e44765a7bbcb2a0216c063dcd53ac914a7be5386dd0554bd06e6be61840
  md5: 6934bbb74380e045741eb8637641a65b
  depends:
  - __osx >=11.0
  constrains:
  - expat 2.7.0.*
  license: MIT
  license_family: MIT
  purls: []
  size: 65714
  timestamp: 1743431789879
- conda: https://conda.anaconda.org/conda-forge/osx-arm64/libffi-3.4.6-h1da3d7d_1.conda
  sha256: c6a530924a9b14e193ea9adfe92843de2a806d1b7dbfd341546ece9653129e60
  md5: c215a60c2935b517dcda8cad4705734d
  depends:
  - __osx >=11.0
  license: MIT
  license_family: MIT
  purls: []
  size: 39839
  timestamp: 1743434670405
- conda: https://conda.anaconda.org/conda-forge/osx-arm64/liblzma-5.8.1-h39f12f2_0.conda
  sha256: 4291dde55ebe9868491dc29716b84ac3de21b8084cbd4d05c9eea79d206b8ab7
  md5: ba24e6f25225fea3d5b6912e2ac562f8
  depends:
  - __osx >=11.0
  license: 0BSD
  purls: []
  size: 92295
  timestamp: 1743771392206
- conda: https://conda.anaconda.org/conda-forge/osx-arm64/libsqlite-3.49.1-h3f77e49_2.conda
  sha256: 907a95f73623c343fc14785cbfefcb7a6b4f2bcf9294fcb295c121611c3a590d
  md5: 3b1e330d775170ac46dff9a94c253bd0
  depends:
  - __osx >=11.0
  - libzlib >=1.3.1,<2.0a0
  license: Unlicense
  purls: []
  size: 900188
  timestamp: 1742083865246
- conda: https://conda.anaconda.org/conda-forge/osx-arm64/libzlib-1.3.1-h8359307_2.conda
  sha256: ce34669eadaba351cd54910743e6a2261b67009624dbc7daeeafdef93616711b
  md5: 369964e85dc26bfe78f41399b366c435
  depends:
  - __osx >=11.0
  constrains:
  - zlib 1.3.1 *_2
  license: Zlib
  license_family: Other
  purls: []
  size: 46438
  timestamp: 1727963202283
- pypi: https://files.pythonhosted.org/packages/6c/30/316d194b093cde57d448a4c3209f22e3046c5bb2fb0820b118292b334be7/MarkupSafe-3.0.2-cp311-cp311-macosx_11_0_arm64.whl
  name: markupsafe
  version: 3.0.2
  sha256: 93335ca3812df2f366e80509ae119189886b0f3c2b81325d39efdb84a1e2ae93
  requires_python: '>=3.9'
- pypi: https://files.pythonhosted.org/packages/43/e3/7d92a15f894aa0c9c4b49b8ee9ac9850d6e63b03c9c32c0367a13ae62209/mpmath-1.3.0-py3-none-any.whl
  name: mpmath
  version: 1.3.0
  sha256: a0b2b9fe80bbcd81a6647ff13108738cfb482d481d826cc0e02f5b35e5c88d2c
  requires_dist:
  - pytest>=4.6 ; extra == 'develop'
  - pycodestyle ; extra == 'develop'
  - pytest-cov ; extra == 'develop'
  - codecov ; extra == 'develop'
  - wheel ; extra == 'develop'
  - sphinx ; extra == 'docs'
  - gmpy2>=2.1.0a4 ; platform_python_implementation != 'PyPy' and extra == 'gmpy'
  - pytest>=4.6 ; extra == 'tests'
- conda: https://conda.anaconda.org/conda-forge/osx-arm64/ncurses-6.5-h5e97a16_3.conda
  sha256: 2827ada40e8d9ca69a153a45f7fd14f32b2ead7045d3bbb5d10964898fe65733
  md5: 068d497125e4bf8a66bf707254fff5ae
  depends:
  - __osx >=11.0
  license: X11 AND BSD-3-Clause
  purls: []
  size: 797030
  timestamp: 1738196177597
- pypi: https://files.pythonhosted.org/packages/b9/54/dd730b32ea14ea797530a4479b2ed46a6fb250f682a9cfb997e968bf0261/networkx-3.4.2-py3-none-any.whl
  name: networkx
  version: 3.4.2
  sha256: df5d4365b724cf81b8c6a7312509d0c22386097011ad1abe274afd5e9d3bbc5f
  requires_dist:
  - numpy>=1.24 ; extra == 'default'
  - scipy>=1.10,!=1.11.0,!=1.11.1 ; extra == 'default'
  - matplotlib>=3.7 ; extra == 'default'
  - pandas>=2.0 ; extra == 'default'
  - changelist==0.5 ; extra == 'developer'
  - pre-commit>=3.2 ; extra == 'developer'
  - mypy>=1.1 ; extra == 'developer'
  - rtoml ; extra == 'developer'
  - sphinx>=7.3 ; extra == 'doc'
  - pydata-sphinx-theme>=0.15 ; extra == 'doc'
  - sphinx-gallery>=0.16 ; extra == 'doc'
  - numpydoc>=1.8.0 ; extra == 'doc'
  - pillow>=9.4 ; extra == 'doc'
  - texext>=0.6.7 ; extra == 'doc'
  - myst-nb>=1.1 ; extra == 'doc'
  - intersphinx-registry ; extra == 'doc'
  - osmnx>=1.9 ; extra == 'example'
  - momepy>=0.7.2 ; extra == 'example'
  - contextily>=1.6 ; extra == 'example'
  - seaborn>=0.13 ; extra == 'example'
  - cairocffi>=1.7 ; extra == 'example'
  - igraph>=0.11 ; extra == 'example'
  - scikit-learn>=1.5 ; extra == 'example'
  - lxml>=4.6 ; extra == 'extra'
  - pygraphviz>=1.14 ; extra == 'extra'
  - pydot>=3.0.1 ; extra == 'extra'
  - sympy>=1.10 ; extra == 'extra'
  - pytest>=7.2 ; extra == 'test'
  - pytest-cov>=4.0 ; extra == 'test'
  requires_python: '>=3.10'
- pypi: https://files.pythonhosted.org/packages/a2/0a/1212befdbecab5d80eca3cde47d304cad986ad4eec7d85a42e0b6d2cc2ef/numpy-2.2.4-cp311-cp311-macosx_11_0_arm64.whl
  name: numpy
  version: 2.2.4
  sha256: 9eeea959168ea555e556b8188da5fa7831e21d91ce031e95ce23747b7609f8a4
  requires_python: '>=3.10'
- conda: https://conda.anaconda.org/conda-forge/osx-arm64/openssl-3.5.0-h81ee809_0.conda
  sha256: 53f825acb8d3e13bdad5c869f6dc7df931941450eea7f6473b955b0aaea1a399
  md5: 3d2936da7e240d24c656138e07fa2502
  depends:
  - __osx >=11.0
  - ca-certificates
  license: Apache-2.0
  license_family: Apache
  purls: []
  size: 3067649
  timestamp: 1744132084304
- pypi: https://files.pythonhosted.org/packages/d9/45/3fe487010dd9ce0a06adf9b8ff4f273cc0a44536e234b0fad3532a42c15b/pillow-11.1.0-cp311-cp311-macosx_11_0_arm64.whl
  name: pillow
  version: 11.1.0
  sha256: 96f82000e12f23e4f29346e42702b6ed9a2f2fea34a740dd5ffffcc8c539eb35
  requires_dist:
  - furo ; extra == 'docs'
  - olefile ; extra == 'docs'
  - sphinx>=8.1 ; extra == 'docs'
  - sphinx-copybutton ; extra == 'docs'
  - sphinx-inline-tabs ; extra == 'docs'
  - sphinxext-opengraph ; extra == 'docs'
  - olefile ; extra == 'fpx'
  - olefile ; extra == 'mic'
  - check-manifest ; extra == 'tests'
  - coverage>=7.4.2 ; extra == 'tests'
  - defusedxml ; extra == 'tests'
  - markdown2 ; extra == 'tests'
  - olefile ; extra == 'tests'
  - packaging ; extra == 'tests'
  - pyroma ; extra == 'tests'
  - pytest ; extra == 'tests'
  - pytest-cov ; extra == 'tests'
  - pytest-timeout ; extra == 'tests'
  - trove-classifiers>=2024.10.12 ; extra == 'tests'
  - typing-extensions ; python_full_version < '3.10' and extra == 'typing'
  - defusedxml ; extra == 'xmp'
  requires_python: '>=3.9'
- pypi: https://files.pythonhosted.org/packages/96/6e/45cdea9b1c5e72bba52ca7c810baf96709e89f59b563d27bab0c1d726aed/pnnx-20250403-py3-none-macosx_10_9_universal2.macosx_10_9_x86_64.macosx_11_0_arm64.whl
  name: pnnx
  version: '20250403'
  sha256: 95c4539cb684b20851a422e74f2d01003845c23c45476476e423bfcb3c16e4ac
  requires_dist:
  - torch
  requires_python: '>=3.7'
- conda: https://conda.anaconda.org/conda-forge/osx-arm64/python-3.11.12-hc22306f_0_cpython.conda
  sha256: ea91eb5bc7160cbc6f8110702f9250c87e378ff1dc83ab8daa8ae7832fb5d0de
  md5: 6ab5f6a9e85f1b1848b6518e7eea63ee
  depends:
  - __osx >=11.0
  - bzip2 >=1.0.8,<2.0a0
  - libexpat >=2.7.0,<3.0a0
  - libffi >=3.4.6,<3.5.0a0
  - liblzma >=5.8.1,<6.0a0
  - libsqlite >=3.49.1,<4.0a0
  - libzlib >=1.3.1,<2.0a0
  - ncurses >=6.5,<7.0a0
  - openssl >=3.5.0,<4.0a0
  - readline >=8.2,<9.0a0
  - tk >=8.6.13,<8.7.0a0
  - tzdata
  constrains:
  - python_abi 3.11.* *_cp311
  license: Python-2.0
  purls: []
  size: 13584762
  timestamp: 1744323773319
- conda: https://conda.anaconda.org/conda-forge/osx-arm64/readline-8.2-h1d1bf99_2.conda
  sha256: 7db04684d3904f6151eff8673270922d31da1eea7fa73254d01c437f49702e34
  md5: 63ef3f6e6d6d5c589e64f11263dc5676
  depends:
  - ncurses >=6.5,<7.0a0
  license: GPL-3.0-only
  license_family: GPL
  purls: []
  size: 252359
  timestamp: 1740379663071
- pypi: https://files.pythonhosted.org/packages/b2/fe/81695a1aa331a842b582453b605175f419fe8540355886031328089d840a/sympy-1.13.1-py3-none-any.whl
  name: sympy
  version: 1.13.1
  sha256: db36cdc64bf61b9b24578b6f7bab1ecdd2452cf008f34faa33776680c26d66f8
  requires_dist:
  - mpmath>=1.1.0,<1.4
  - pytest>=7.1.0 ; extra == 'dev'
  - hypothesis>=6.70.0 ; extra == 'dev'
  requires_python: '>=3.8'
- conda: https://conda.anaconda.org/conda-forge/osx-arm64/tk-8.6.13-h5083fa2_1.conda
  sha256: 72457ad031b4c048e5891f3f6cb27a53cb479db68a52d965f796910e71a403a8
  md5: b50a57ba89c32b62428b71a875291c9b
  depends:
  - libzlib >=1.2.13,<2.0.0a0
  license: TCL
  license_family: BSD
  purls: []
  size: 3145523
  timestamp: 1699202432999
- pypi: https://files.pythonhosted.org/packages/0b/fa/f33a4148c6fb46ca2a3f8de39c24d473822d5774d652b66ed9b1214da5f7/torch-2.6.0-cp311-none-macosx_11_0_arm64.whl
  name: torch
  version: 2.6.0
  sha256: 94fc63b3b4bedd327af588696559f68c264440e2503cc9e6954019473d74ae21
  requires_dist:
  - filelock
  - typing-extensions>=4.10.0
  - networkx
  - jinja2
  - fsspec
  - nvidia-cuda-nvrtc-cu12==12.4.127 ; platform_machine == 'x86_64' and sys_platform == 'linux'
  - nvidia-cuda-runtime-cu12==12.4.127 ; platform_machine == 'x86_64' and sys_platform == 'linux'
  - nvidia-cuda-cupti-cu12==12.4.127 ; platform_machine == 'x86_64' and sys_platform == 'linux'
  - nvidia-cudnn-cu12==9.1.0.70 ; platform_machine == 'x86_64' and sys_platform == 'linux'
  - nvidia-cublas-cu12==12.4.5.8 ; platform_machine == 'x86_64' and sys_platform == 'linux'
  - nvidia-cufft-cu12==11.2.1.3 ; platform_machine == 'x86_64' and sys_platform == 'linux'
  - nvidia-curand-cu12==10.3.5.147 ; platform_machine == 'x86_64' and sys_platform == 'linux'
  - nvidia-cusolver-cu12==11.6.1.9 ; platform_machine == 'x86_64' and sys_platform == 'linux'
  - nvidia-cusparse-cu12==12.3.1.170 ; platform_machine == 'x86_64' and sys_platform == 'linux'
  - nvidia-cusparselt-cu12==0.6.2 ; platform_machine == 'x86_64' and sys_platform == 'linux'
  - nvidia-nccl-cu12==2.21.5 ; platform_machine == 'x86_64' and sys_platform == 'linux'
  - nvidia-nvtx-cu12==12.4.127 ; platform_machine == 'x86_64' and sys_platform == 'linux'
  - nvidia-nvjitlink-cu12==12.4.127 ; platform_machine == 'x86_64' and sys_platform == 'linux'
  - triton==3.2.0 ; platform_machine == 'x86_64' and sys_platform == 'linux'
  - setuptools ; python_full_version >= '3.12'
  - sympy==1.13.1 ; python_full_version >= '3.9'
  - opt-einsum>=3.3 ; extra == 'opt-einsum'
  - optree>=0.13.0 ; extra == 'optree'
  requires_python: '>=3.9.0'
- pypi: https://files.pythonhosted.org/packages/29/88/00c69db213ee2443ada8886ec60789b227e06bb869d85ee324578221a7f7/torchvision-0.21.0-cp311-cp311-macosx_11_0_arm64.whl
  name: torchvision
  version: 0.21.0
  sha256: 110d115333524d60e9e474d53c7d20f096dbd8a080232f88dddb90566f90064c
  requires_dist:
  - numpy
  - torch==2.6.0
  - pillow>=5.3.0,!=8.3.*
  - gdown>=4.7.3 ; extra == 'gdown'
  - scipy ; extra == 'scipy'
  requires_python: '>=3.9'
- pypi: https://files.pythonhosted.org/packages/8b/54/b1ae86c0973cc6f0210b53d508ca3641fb6d0c56823f288d108bc7ab3cc8/typing_extensions-4.13.2-py3-none-any.whl
  name: typing-extensions
  version: 4.13.2
  sha256: a439e7c04b49fec3e5d3e2beaa21755cadbbdc391694e28ccdd36ca4a1408f8c
  requires_python: '>=3.8'
- conda: https://conda.anaconda.org/conda-forge/noarch/tzdata-2025b-h78e105d_0.conda
  sha256: 5aaa366385d716557e365f0a4e9c3fca43ba196872abbbe3d56bb610d131e192
  md5: 4222072737ccff51314b5ece9c7d6f5a
  license: LicenseRef-Public-Domain
  purls: []
  size: 122968
  timestamp: 1742727099393
