version: 6
environments:
  default:
    channels:
    - url: https://conda.anaconda.org/conda-forge/
    indexes:
    - https://pypi.org/simple
    packages:
      osx-arm64:
      - conda: https://conda.anaconda.org/conda-forge/osx-arm64/bzip2-1.0.8-h99b78c6_7.conda
      - conda: https://conda.anaconda.org/conda-forge/osx-arm64/ca-certificates-2025.1.31-hf0a4a13_0.conda
      - conda: https://conda.anaconda.org/conda-forge/osx-arm64/libexpat-2.7.0-h286801f_0.conda
      - conda: https://conda.anaconda.org/conda-forge/osx-arm64/libffi-3.4.6-h1da3d7d_1.conda
      - conda: https://conda.anaconda.org/conda-forge/osx-arm64/liblzma-5.8.1-h39f12f2_0.conda
      - conda: https://conda.anaconda.org/conda-forge/osx-arm64/libsqlite-3.49.1-h3f77e49_2.conda
      - conda: https://conda.anaconda.org/conda-forge/osx-arm64/libzlib-1.3.1-h8359307_2.conda
      - conda: https://conda.anaconda.org/conda-forge/osx-arm64/ncurses-6.5-h5e97a16_3.conda
      - conda: https://conda.anaconda.org/conda-forge/osx-arm64/openssl-3.5.0-h81ee809_0.conda
      - conda: https://conda.anaconda.org/conda-forge/osx-arm64/python-3.11.12-hc22306f_0_cpython.conda
      - conda: https://conda.anaconda.org/conda-forge/osx-arm64/readline-8.2-h1d1bf99_2.conda
      - conda: https://conda.anaconda.org/conda-forge/osx-arm64/tk-8.6.13-h5083fa2_1.conda
      - conda: https://conda.anaconda.org/conda-forge/noarch/tzdata-2025b-h78e105d_0.conda
      - pypi: https://files.pythonhosted.org/packages/aa/f3/0b6ced594e51cc95d8c1fc1640d3623770d01e4969d29c0bd09945fafefa/altair-5.5.0-py3-none-any.whl
      - pypi: https://files.pythonhosted.org/packages/77/06/bb80f5f86020c4551da315d78b3ab75e8228f89f0162f2c3a819e407941a/attrs-25.3.0-py3-none-any.whl
      - pypi: https://files.pythonhosted.org/packages/10/cb/f2ad4230dc2eb1a74edf38f1a38b9b52277f75bef262d8908e60d957e13c/blinker-1.9.0-py3-none-any.whl
      - pypi: https://files.pythonhosted.org/packages/72/76/20fa66124dbe6be5cafeb312ece67de6b61dd91a0247d1ea13db4ebb33c2/cachetools-5.5.2-py3-none-any.whl
      - pypi: https://files.pythonhosted.org/packages/38/fc/bce832fd4fd99766c04d1ee0eead6b0ec6486fb100ae5e74c1d91292b982/certifi-2025.1.31-py3-none-any.whl
      - pypi: https://files.pythonhosted.org/packages/72/80/41ef5d5a7935d2d3a773e3eaebf0a9350542f2cab4eac59a7a4741fbbbbe/charset_normalizer-3.4.1-cp311-cp311-macosx_10_9_universal2.whl
      - pypi: https://files.pythonhosted.org/packages/7e/d4/7ebdbd03970677812aac39c869717059dbb71a4cfc033ca6e5221787892c/click-8.1.8-py3-none-any.whl
      - pypi: https://files.pythonhosted.org/packages/4d/36/2a115987e2d8c300a974597416d9de88f2444426de9571f4b59b2cca3acc/filelock-3.18.0-py3-none-any.whl
      - pypi: https://files.pythonhosted.org/packages/44/4b/e0cfc1a6f17e990f3e64b7d941ddc4acdc7b19d6edd51abf495f32b1a9e4/fsspec-2025.3.2-py3-none-any.whl
      - pypi: https://files.pythonhosted.org/packages/a0/61/5c78b91c3143ed5c14207f463aecfc8f9dbb5092fb2869baf37c273b2705/gitdb-4.0.12-py3-none-any.whl
      - pypi: https://files.pythonhosted.org/packages/1d/9a/4114a9057db2f1462d5c8f8390ab7383925fe1ac012eaa42402ad65c2963/GitPython-3.1.44-py3-none-any.whl
      - pypi: https://files.pythonhosted.org/packages/76/c6/c88e154df9c4e1a2a66ccf0005a88dfb2650c1dffb6f5ce603dfbd452ce3/idna-3.10-py3-none-any.whl
      - pypi: https://files.pythonhosted.org/packages/62/a1/3d680cbfd5f4b8f15abc1d571870c5fc3e594bb582bc3b64ea099db13e56/jinja2-3.1.6-py3-none-any.whl
      - pypi: https://files.pythonhosted.org/packages/69/4a/4f9dbeb84e8850557c02365a0eee0649abe5eb1d84af92a25731c6c0f922/jsonschema-4.23.0-py3-none-any.whl
      - pypi: https://files.pythonhosted.org/packages/d1/0f/8910b19ac0670a0f80ce1008e5e751c4a57e14d2c4c13a482aa6079fa9d6/jsonschema_specifications-2024.10.1-py3-none-any.whl
      - pypi: https://files.pythonhosted.org/packages/6c/30/316d194b093cde57d448a4c3209f22e3046c5bb2fb0820b118292b334be7/MarkupSafe-3.0.2-cp311-cp311-macosx_11_0_arm64.whl
      - pypi: https://files.pythonhosted.org/packages/43/e3/7d92a15f894aa0c9c4b49b8ee9ac9850d6e63b03c9c32c0367a13ae62209/mpmath-1.3.0-py3-none-any.whl
      - pypi: https://files.pythonhosted.org/packages/b0/a2/2ea3f2058ae661b06fad1a14c0f29f1cc8e49478d02a2d68f0eac3872b86/narwhals-1.34.1-py3-none-any.whl
      - pypi: https://files.pythonhosted.org/packages/b9/54/dd730b32ea14ea797530a4479b2ed46a6fb250f682a9cfb997e968bf0261/networkx-3.4.2-py3-none-any.whl
      - pypi: https://files.pythonhosted.org/packages/a2/0a/1212befdbecab5d80eca3cde47d304cad986ad4eec7d85a42e0b6d2cc2ef/numpy-2.2.4-cp311-cp311-macosx_11_0_arm64.whl
      - pypi: https://files.pythonhosted.org/packages/88/ef/eb23f262cca3c0c4eb7ab1933c3b1f03d021f2c48f54763065b6f0e321be/packaging-24.2-py3-none-any.whl
      - pypi: https://files.pythonhosted.org/packages/52/11/9eac327a38834f162b8250aab32a6781339c69afe7574368fffe46387edf/pandas-2.2.3-cp311-cp311-macosx_11_0_arm64.whl
      - pypi: https://files.pythonhosted.org/packages/84/92/6505b1af3d2849d5e714fc75ba9e69b7255c05ee42383a35a4d58f576b16/pillow-11.2.1-cp311-cp311-macosx_11_0_arm64.whl
      - pypi: https://files.pythonhosted.org/packages/02/65/ad2bc85f7377f5cfba5d4466d5474423a3fb7f6a97fd807c06f92dd3e721/plotly-6.0.1-py3-none-any.whl
      - pypi: https://files.pythonhosted.org/packages/46/de/7c126bbb06aa0f8a7b38aaf8bd746c514d70e6a2a3f6dd460b3b7aad7aae/protobuf-5.29.4-cp38-abi3-macosx_10_9_universal2.whl
      - pypi: https://files.pythonhosted.org/packages/a0/55/f1a8d838ec07fe3ca53edbe76f782df7b9aafd4417080eebf0b42aab0c52/pyarrow-19.0.1-cp311-cp311-macosx_12_0_arm64.whl
      - pypi: https://files.pythonhosted.org/packages/ab/4c/b888e6cf58bd9db9c93f40d1c6be8283ff49d88919231afe93a6bcf61626/pydeck-0.9.1-py2.py3-none-any.whl
      - pypi: https://files.pythonhosted.org/packages/ec/57/56b9bcc3c9c6a792fcbaf139543cee77261f3651ca9da0c93f5c1221264b/python_dateutil-2.9.0.post0-py2.py3-none-any.whl
      - pypi: https://files.pythonhosted.org/packages/81/c4/34e93fe5f5429d7570ec1fa436f1986fb1f00c3e0f43a589fe2bbcd22c3f/pytz-2025.2-py2.py3-none-any.whl
      - pypi: https://files.pythonhosted.org/packages/c1/b1/3baf80dc6d2b7bc27a95a67752d0208e410351e3feb4eb78de5f77454d8d/referencing-0.36.2-py3-none-any.whl
      - pypi: https://files.pythonhosted.org/packages/f9/9b/335f9764261e915ed497fcdeb11df5dfd6f7bf257d4a6a2a686d80da4d54/requests-2.32.3-py3-none-any.whl
      - pypi: https://files.pythonhosted.org/packages/dd/26/ea4181ef78f58b2c167548c6a833d7dc22408e5b3b181bda9dda440bb92d/rpds_py-0.24.0-cp311-cp311-macosx_11_0_arm64.whl
      - pypi: https://files.pythonhosted.org/packages/b7/ce/149a00dd41f10bc29e5921b496af8b574d8413afcd5e30dfa0ed46c2cc5e/six-1.17.0-py2.py3-none-any.whl
      - pypi: https://files.pythonhosted.org/packages/04/be/d09147ad1ec7934636ad912901c5fd7667e1c858e19d355237db0d0cd5e4/smmap-5.0.2-py3-none-any.whl
      - pypi: https://files.pythonhosted.org/packages/eb/17/fc425e1d4d86e31b2aaf0812a2ef2163763a0670d671720c7c36e8679323/streamlit-1.44.1-py3-none-any.whl
      - pypi: https://files.pythonhosted.org/packages/b2/fe/81695a1aa331a842b582453b605175f419fe8540355886031328089d840a/sympy-1.13.1-py3-none-any.whl
      - pypi: https://files.pythonhosted.org/packages/e5/30/643397144bfbfec6f6ef821f36f33e57d35946c44a2352d3c9f0ae847619/tenacity-9.1.2-py3-none-any.whl
      - pypi: https://files.pythonhosted.org/packages/44/6f/7120676b6d73228c96e17f1f794d8ab046fc910d781c8d151120c3f1569e/toml-0.10.2-py2.py3-none-any.whl
      - pypi: https://files.pythonhosted.org/packages/0b/fa/f33a4148c6fb46ca2a3f8de39c24d473822d5774d652b66ed9b1214da5f7/torch-2.6.0-cp311-none-macosx_11_0_arm64.whl
      - pypi: https://files.pythonhosted.org/packages/29/88/00c69db213ee2443ada8886ec60789b227e06bb869d85ee324578221a7f7/torchvision-0.21.0-cp311-cp311-macosx_11_0_arm64.whl
      - pypi: https://files.pythonhosted.org/packages/26/7e/71f604d8cea1b58f82ba3590290b66da1e72d840aeb37e0d5f7291bd30db/tornado-6.4.2-cp38-abi3-macosx_10_9_universal2.whl
      - pypi: https://files.pythonhosted.org/packages/8b/54/b1ae86c0973cc6f0210b53d508ca3641fb6d0c56823f288d108bc7ab3cc8/typing_extensions-4.13.2-py3-none-any.whl
      - pypi: https://files.pythonhosted.org/packages/5c/23/c7abc0ca0a1526a0774eca151daeb8de62ec457e77262b66b359c3c7679e/tzdata-2025.2-py2.py3-none-any.whl
      - pypi: https://files.pythonhosted.org/packages/6b/11/cc635220681e93a0183390e26485430ca2c7b5f9d33b15c74c2861cb8091/urllib3-2.4.0-py3-none-any.whl
      - pypi: https://files.pythonhosted.org/packages/d1/40/b75381494851556de56281e053700e46bff5b37bf4c7267e858640af5a7f/watchdog-6.0.0-cp311-cp311-macosx_11_0_arm64.whl
packages:
- pypi: https://files.pythonhosted.org/packages/aa/f3/0b6ced594e51cc95d8c1fc1640d3623770d01e4969d29c0bd09945fafefa/altair-5.5.0-py3-none-any.whl
  name: altair
  version: 5.5.0
  sha256: 91a310b926508d560fe0148d02a194f38b824122641ef528113d029fcd129f8c
  requires_dist:
  - jinja2
  - jsonschema>=3.0
  - narwhals>=1.14.2
  - packaging
  - typing-extensions>=4.10.0 ; python_full_version < '3.14'
  - altair-tiles>=0.3.0 ; extra == 'all'
  - anywidget>=0.9.0 ; extra == 'all'
  - numpy ; extra == 'all'
  - pandas>=1.1.3 ; extra == 'all'
  - pyarrow>=11 ; extra == 'all'
  - vega-datasets>=0.9.0 ; extra == 'all'
  - vegafusion[embed]>=1.6.6 ; extra == 'all'
  - vl-convert-python>=1.7.0 ; extra == 'all'
  - duckdb>=1.0 ; extra == 'dev'
  - geopandas ; extra == 'dev'
  - hatch>=1.13.0 ; extra == 'dev'
  - ipython[kernel] ; extra == 'dev'
  - mistune ; extra == 'dev'
  - mypy ; extra == 'dev'
  - pandas-stubs ; extra == 'dev'
  - pandas>=1.1.3 ; extra == 'dev'
  - polars>=0.20.3 ; extra == 'dev'
  - pyarrow-stubs ; extra == 'dev'
  - pytest ; extra == 'dev'
  - pytest-cov ; extra == 'dev'
  - pytest-xdist[psutil]~=3.5 ; extra == 'dev'
  - ruff>=0.6.0 ; extra == 'dev'
  - types-jsonschema ; extra == 'dev'
  - types-setuptools ; extra == 'dev'
  - docutils ; extra == 'doc'
  - jinja2 ; extra == 'doc'
  - myst-parser ; extra == 'doc'
  - numpydoc ; extra == 'doc'
  - pillow>=9,<10 ; extra == 'doc'
  - pydata-sphinx-theme>=0.14.1 ; extra == 'doc'
  - scipy ; extra == 'doc'
  - sphinx ; extra == 'doc'
  - sphinx-copybutton ; extra == 'doc'
  - sphinx-design ; extra == 'doc'
  - sphinxext-altair ; extra == 'doc'
  - vl-convert-python>=1.7.0 ; extra == 'save'
  requires_python: '>=3.9'
- pypi: https://files.pythonhosted.org/packages/77/06/bb80f5f86020c4551da315d78b3ab75e8228f89f0162f2c3a819e407941a/attrs-25.3.0-py3-none-any.whl
  name: attrs
  version: 25.3.0
  sha256: 427318ce031701fea540783410126f03899a97ffc6f61596ad581ac2e40e3bc3
  requires_dist:
  - cloudpickle ; platform_python_implementation == 'CPython' and extra == 'benchmark'
  - hypothesis ; extra == 'benchmark'
  - mypy>=1.11.1 ; python_full_version >= '3.10' and platform_python_implementation == 'CPython' and extra == 'benchmark'
  - pympler ; extra == 'benchmark'
  - pytest-codspeed ; extra == 'benchmark'
  - pytest-mypy-plugins ; python_full_version >= '3.10' and platform_python_implementation == 'CPython' and extra == 'benchmark'
  - pytest-xdist[psutil] ; extra == 'benchmark'
  - pytest>=4.3.0 ; extra == 'benchmark'
  - cloudpickle ; platform_python_implementation == 'CPython' and extra == 'cov'
  - coverage[toml]>=5.3 ; extra == 'cov'
  - hypothesis ; extra == 'cov'
  - mypy>=1.11.1 ; python_full_version >= '3.10' and platform_python_implementation == 'CPython' and extra == 'cov'
  - pympler ; extra == 'cov'
  - pytest-mypy-plugins ; python_full_version >= '3.10' and platform_python_implementation == 'CPython' and extra == 'cov'
  - pytest-xdist[psutil] ; extra == 'cov'
  - pytest>=4.3.0 ; extra == 'cov'
  - cloudpickle ; platform_python_implementation == 'CPython' and extra == 'dev'
  - hypothesis ; extra == 'dev'
  - mypy>=1.11.1 ; python_full_version >= '3.10' and platform_python_implementation == 'CPython' and extra == 'dev'
  - pre-commit-uv ; extra == 'dev'
  - pympler ; extra == 'dev'
  - pytest-mypy-plugins ; python_full_version >= '3.10' and platform_python_implementation == 'CPython' and extra == 'dev'
  - pytest-xdist[psutil] ; extra == 'dev'
  - pytest>=4.3.0 ; extra == 'dev'
  - cogapp ; extra == 'docs'
  - furo ; extra == 'docs'
  - myst-parser ; extra == 'docs'
  - sphinx ; extra == 'docs'
  - sphinx-notfound-page ; extra == 'docs'
  - sphinxcontrib-towncrier ; extra == 'docs'
  - towncrier ; extra == 'docs'
  - cloudpickle ; platform_python_implementation == 'CPython' and extra == 'tests'
  - hypothesis ; extra == 'tests'
  - mypy>=1.11.1 ; python_full_version >= '3.10' and platform_python_implementation == 'CPython' and extra == 'tests'
  - pympler ; extra == 'tests'
  - pytest-mypy-plugins ; python_full_version >= '3.10' and platform_python_implementation == 'CPython' and extra == 'tests'
  - pytest-xdist[psutil] ; extra == 'tests'
  - pytest>=4.3.0 ; extra == 'tests'
  - mypy>=1.11.1 ; python_full_version >= '3.10' and platform_python_implementation == 'CPython' and extra == 'tests-mypy'
  - pytest-mypy-plugins ; python_full_version >= '3.10' and platform_python_implementation == 'CPython' and extra == 'tests-mypy'
  requires_python: '>=3.8'
- pypi: https://files.pythonhosted.org/packages/10/cb/f2ad4230dc2eb1a74edf38f1a38b9b52277f75bef262d8908e60d957e13c/blinker-1.9.0-py3-none-any.whl
  name: blinker
  version: 1.9.0
  sha256: ba0efaa9080b619ff2f3459d1d500c57bddea4a6b424b60a91141db6fd2f08bc
  requires_python: '>=3.9'
- conda: https://conda.anaconda.org/conda-forge/osx-arm64/bzip2-1.0.8-h99b78c6_7.conda
  sha256: adfa71f158cbd872a36394c56c3568e6034aa55c623634b37a4836bd036e6b91
  md5: fc6948412dbbbe9a4c9ddbbcfe0a79ab
  depends:
  - __osx >=11.0
  license: bzip2-1.0.6
  license_family: BSD
  purls: []
  size: 122909
  timestamp: 1720974522888
- conda: https://conda.anaconda.org/conda-forge/osx-arm64/ca-certificates-2025.1.31-hf0a4a13_0.conda
  sha256: 7e12816618173fe70f5c638b72adf4bfd4ddabf27794369bb17871c5bb75b9f9
  md5: 3569d6a9141adc64d2fe4797f3289e06
  license: ISC
  purls: []
  size: 158425
  timestamp: 1738298167688
- pypi: https://files.pythonhosted.org/packages/72/76/20fa66124dbe6be5cafeb312ece67de6b61dd91a0247d1ea13db4ebb33c2/cachetools-5.5.2-py3-none-any.whl
  name: cachetools
  version: 5.5.2
  sha256: d26a22bcc62eb95c3beabd9f1ee5e820d3d2704fe2967cbe350e20c8ffcd3f0a
  requires_python: '>=3.7'
- pypi: https://files.pythonhosted.org/packages/38/fc/bce832fd4fd99766c04d1ee0eead6b0ec6486fb100ae5e74c1d91292b982/certifi-2025.1.31-py3-none-any.whl
  name: certifi
  version: 2025.1.31
  sha256: ca78db4565a652026a4db2bcdf68f2fb589ea80d0be70e03929ed730746b84fe
  requires_python: '>=3.6'
- pypi: https://files.pythonhosted.org/packages/72/80/41ef5d5a7935d2d3a773e3eaebf0a9350542f2cab4eac59a7a4741fbbbbe/charset_normalizer-3.4.1-cp311-cp311-macosx_10_9_universal2.whl
  name: charset-normalizer
  version: 3.4.1
  sha256: 8bfa33f4f2672964266e940dd22a195989ba31669bd84629f05fab3ef4e2d125
  requires_python: '>=3.7'
- pypi: https://files.pythonhosted.org/packages/7e/d4/7ebdbd03970677812aac39c869717059dbb71a4cfc033ca6e5221787892c/click-8.1.8-py3-none-any.whl
  name: click
  version: 8.1.8
  sha256: 63c132bbbed01578a06712a2d1f497bb62d9c1c0d329b7903a866228027263b2
  requires_dist:
  - colorama ; sys_platform == 'win32'
  - importlib-metadata ; python_full_version < '3.8'
  requires_python: '>=3.7'
- pypi: https://files.pythonhosted.org/packages/4d/36/2a115987e2d8c300a974597416d9de88f2444426de9571f4b59b2cca3acc/filelock-3.18.0-py3-none-any.whl
  name: filelock
  version: 3.18.0
  sha256: c401f4f8377c4464e6db25fff06205fd89bdd83b65eb0488ed1b160f780e21de
  requires_dist:
  - furo>=2024.8.6 ; extra == 'docs'
  - sphinx-autodoc-typehints>=3 ; extra == 'docs'
  - sphinx>=8.1.3 ; extra == 'docs'
  - covdefaults>=2.3 ; extra == 'testing'
  - coverage>=7.6.10 ; extra == 'testing'
  - diff-cover>=9.2.1 ; extra == 'testing'
  - pytest-asyncio>=0.25.2 ; extra == 'testing'
  - pytest-cov>=6 ; extra == 'testing'
  - pytest-mock>=3.14 ; extra == 'testing'
  - pytest-timeout>=2.3.1 ; extra == 'testing'
  - pytest>=8.3.4 ; extra == 'testing'
  - virtualenv>=20.28.1 ; extra == 'testing'
  - typing-extensions>=4.12.2 ; python_full_version < '3.11' and extra == 'typing'
  requires_python: '>=3.9'
- pypi: https://files.pythonhosted.org/packages/44/4b/e0cfc1a6f17e990f3e64b7d941ddc4acdc7b19d6edd51abf495f32b1a9e4/fsspec-2025.3.2-py3-none-any.whl
  name: fsspec
  version: 2025.3.2
  sha256: 2daf8dc3d1dfa65b6aa37748d112773a7a08416f6c70d96b264c96476ecaf711
  requires_dist:
  - adlfs ; extra == 'abfs'
  - adlfs ; extra == 'adl'
  - pyarrow>=1 ; extra == 'arrow'
  - dask ; extra == 'dask'
  - distributed ; extra == 'dask'
  - pre-commit ; extra == 'dev'
  - ruff ; extra == 'dev'
  - numpydoc ; extra == 'doc'
  - sphinx ; extra == 'doc'
  - sphinx-design ; extra == 'doc'
  - sphinx-rtd-theme ; extra == 'doc'
  - yarl ; extra == 'doc'
  - dropbox ; extra == 'dropbox'
  - dropboxdrivefs ; extra == 'dropbox'
  - requests ; extra == 'dropbox'
  - adlfs ; extra == 'full'
  - aiohttp!=4.0.0a0,!=4.0.0a1 ; extra == 'full'
  - dask ; extra == 'full'
  - distributed ; extra == 'full'
  - dropbox ; extra == 'full'
  - dropboxdrivefs ; extra == 'full'
  - fusepy ; extra == 'full'
  - gcsfs ; extra == 'full'
  - libarchive-c ; extra == 'full'
  - ocifs ; extra == 'full'
  - panel ; extra == 'full'
  - paramiko ; extra == 'full'
  - pyarrow>=1 ; extra == 'full'
  - pygit2 ; extra == 'full'
  - requests ; extra == 'full'
  - s3fs ; extra == 'full'
  - smbprotocol ; extra == 'full'
  - tqdm ; extra == 'full'
  - fusepy ; extra == 'fuse'
  - gcsfs ; extra == 'gcs'
  - pygit2 ; extra == 'git'
  - requests ; extra == 'github'
  - gcsfs ; extra == 'gs'
  - panel ; extra == 'gui'
  - pyarrow>=1 ; extra == 'hdfs'
  - aiohttp!=4.0.0a0,!=4.0.0a1 ; extra == 'http'
  - libarchive-c ; extra == 'libarchive'
  - ocifs ; extra == 'oci'
  - s3fs ; extra == 's3'
  - paramiko ; extra == 'sftp'
  - smbprotocol ; extra == 'smb'
  - paramiko ; extra == 'ssh'
  - aiohttp!=4.0.0a0,!=4.0.0a1 ; extra == 'test'
  - numpy ; extra == 'test'
  - pytest ; extra == 'test'
  - pytest-asyncio!=0.22.0 ; extra == 'test'
  - pytest-benchmark ; extra == 'test'
  - pytest-cov ; extra == 'test'
  - pytest-mock ; extra == 'test'
  - pytest-recording ; extra == 'test'
  - pytest-rerunfailures ; extra == 'test'
  - requests ; extra == 'test'
  - aiobotocore>=2.5.4,<3.0.0 ; extra == 'test-downstream'
  - dask[dataframe,test] ; extra == 'test-downstream'
  - moto[server]>4,<5 ; extra == 'test-downstream'
  - pytest-timeout ; extra == 'test-downstream'
  - xarray ; extra == 'test-downstream'
  - adlfs ; extra == 'test-full'
  - aiohttp!=4.0.0a0,!=4.0.0a1 ; extra == 'test-full'
  - cloudpickle ; extra == 'test-full'
  - dask ; extra == 'test-full'
  - distributed ; extra == 'test-full'
  - dropbox ; extra == 'test-full'
  - dropboxdrivefs ; extra == 'test-full'
  - fastparquet ; extra == 'test-full'
  - fusepy ; extra == 'test-full'
  - gcsfs ; extra == 'test-full'
  - jinja2 ; extra == 'test-full'
  - kerchunk ; extra == 'test-full'
  - libarchive-c ; extra == 'test-full'
  - lz4 ; extra == 'test-full'
  - notebook ; extra == 'test-full'
  - numpy ; extra == 'test-full'
  - ocifs ; extra == 'test-full'
  - pandas ; extra == 'test-full'
  - panel ; extra == 'test-full'
  - paramiko ; extra == 'test-full'
  - pyarrow ; extra == 'test-full'
  - pyarrow>=1 ; extra == 'test-full'
  - pyftpdlib ; extra == 'test-full'
  - pygit2 ; extra == 'test-full'
  - pytest ; extra == 'test-full'
  - pytest-asyncio!=0.22.0 ; extra == 'test-full'
  - pytest-benchmark ; extra == 'test-full'
  - pytest-cov ; extra == 'test-full'
  - pytest-mock ; extra == 'test-full'
  - pytest-recording ; extra == 'test-full'
  - pytest-rerunfailures ; extra == 'test-full'
  - python-snappy ; extra == 'test-full'
  - requests ; extra == 'test-full'
  - smbprotocol ; extra == 'test-full'
  - tqdm ; extra == 'test-full'
  - urllib3 ; extra == 'test-full'
  - zarr ; extra == 'test-full'
  - zstandard ; extra == 'test-full'
  - tqdm ; extra == 'tqdm'
  requires_python: '>=3.9'
- pypi: https://files.pythonhosted.org/packages/a0/61/5c78b91c3143ed5c14207f463aecfc8f9dbb5092fb2869baf37c273b2705/gitdb-4.0.12-py3-none-any.whl
  name: gitdb
  version: 4.0.12
  sha256: 67073e15955400952c6565cc3e707c554a4eea2e428946f7a4c162fab9bd9bcf
  requires_dist:
  - smmap>=3.0.1,<6
  requires_python: '>=3.7'
- pypi: https://files.pythonhosted.org/packages/1d/9a/4114a9057db2f1462d5c8f8390ab7383925fe1ac012eaa42402ad65c2963/GitPython-3.1.44-py3-none-any.whl
  name: gitpython
  version: 3.1.44
  sha256: 9e0e10cda9bed1ee64bc9a6de50e7e38a9c9943241cd7f585f6df3ed28011110
  requires_dist:
  - gitdb>=4.0.1,<5
  - typing-extensions>=3.7.4.3 ; python_full_version < '3.8'
  - coverage[toml] ; extra == 'test'
  - ddt>=1.1.1,!=1.4.3 ; extra == 'test'
  - mock ; python_full_version < '3.8' and extra == 'test'
  - mypy ; extra == 'test'
  - pre-commit ; extra == 'test'
  - pytest>=7.3.1 ; extra == 'test'
  - pytest-cov ; extra == 'test'
  - pytest-instafail ; extra == 'test'
  - pytest-mock ; extra == 'test'
  - pytest-sugar ; extra == 'test'
  - typing-extensions ; python_full_version < '3.11' and extra == 'test'
  - sphinx>=7.1.2,<7.2 ; extra == 'doc'
  - sphinx-rtd-theme ; extra == 'doc'
  - sphinx-autodoc-typehints ; extra == 'doc'
  requires_python: '>=3.7'
- pypi: https://files.pythonhosted.org/packages/76/c6/c88e154df9c4e1a2a66ccf0005a88dfb2650c1dffb6f5ce603dfbd452ce3/idna-3.10-py3-none-any.whl
  name: idna
  version: '3.10'
  sha256: 946d195a0d259cbba61165e88e65941f16e9b36ea6ddb97f00452bae8b1287d3
  requires_dist:
  - ruff>=0.6.2 ; extra == 'all'
  - mypy>=1.11.2 ; extra == 'all'
  - pytest>=8.3.2 ; extra == 'all'
  - flake8>=7.1.1 ; extra == 'all'
  requires_python: '>=3.6'
- pypi: https://files.pythonhosted.org/packages/62/a1/3d680cbfd5f4b8f15abc1d571870c5fc3e594bb582bc3b64ea099db13e56/jinja2-3.1.6-py3-none-any.whl
  name: jinja2
  version: 3.1.6
  sha256: 85ece4451f492d0c13c5dd7c13a64681a86afae63a5f347908daf103ce6d2f67
  requires_dist:
  - markupsafe>=2.0
  - babel>=2.7 ; extra == 'i18n'
  requires_python: '>=3.7'
- pypi: https://files.pythonhosted.org/packages/69/4a/4f9dbeb84e8850557c02365a0eee0649abe5eb1d84af92a25731c6c0f922/jsonschema-4.23.0-py3-none-any.whl
  name: jsonschema
  version: 4.23.0
  sha256: fbadb6f8b144a8f8cf9f0b89ba94501d143e50411a1278633f56a7acf7fd5566
  requires_dist:
  - attrs>=22.2.0
  - importlib-resources>=1.4.0 ; python_full_version < '3.9'
  - jsonschema-specifications>=2023.3.6
  - pkgutil-resolve-name>=1.3.10 ; python_full_version < '3.9'
  - referencing>=0.28.4
  - rpds-py>=0.7.1
  - fqdn ; extra == 'format'
  - idna ; extra == 'format'
  - isoduration ; extra == 'format'
  - jsonpointer>1.13 ; extra == 'format'
  - rfc3339-validator ; extra == 'format'
  - rfc3987 ; extra == 'format'
  - uri-template ; extra == 'format'
  - webcolors>=1.11 ; extra == 'format'
  - fqdn ; extra == 'format-nongpl'
  - idna ; extra == 'format-nongpl'
  - isoduration ; extra == 'format-nongpl'
  - jsonpointer>1.13 ; extra == 'format-nongpl'
  - rfc3339-validator ; extra == 'format-nongpl'
  - rfc3986-validator>0.1.0 ; extra == 'format-nongpl'
  - uri-template ; extra == 'format-nongpl'
  - webcolors>=24.6.0 ; extra == 'format-nongpl'
  requires_python: '>=3.8'
- pypi: https://files.pythonhosted.org/packages/d1/0f/8910b19ac0670a0f80ce1008e5e751c4a57e14d2c4c13a482aa6079fa9d6/jsonschema_specifications-2024.10.1-py3-none-any.whl
  name: jsonschema-specifications
  version: 2024.10.1
  sha256: a09a0680616357d9a0ecf05c12ad234479f549239d0f5b55f3deea67475da9bf
  requires_dist:
  - referencing>=0.31.0
  requires_python: '>=3.9'
- conda: https://conda.anaconda.org/conda-forge/osx-arm64/libexpat-2.7.0-h286801f_0.conda
  sha256: ee550e44765a7bbcb2a0216c063dcd53ac914a7be5386dd0554bd06e6be61840
  md5: 6934bbb74380e045741eb8637641a65b
  depends:
  - __osx >=11.0
  constrains:
  - expat 2.7.0.*
  license: MIT
  license_family: MIT
  purls: []
  size: 65714
  timestamp: 1743431789879
- conda: https://conda.anaconda.org/conda-forge/osx-arm64/libffi-3.4.6-h1da3d7d_1.conda
  sha256: c6a530924a9b14e193ea9adfe92843de2a806d1b7dbfd341546ece9653129e60
  md5: c215a60c2935b517dcda8cad4705734d
  depends:
  - __osx >=11.0
  license: MIT
  license_family: MIT
  purls: []
  size: 39839
  timestamp: 1743434670405
- conda: https://conda.anaconda.org/conda-forge/osx-arm64/liblzma-5.8.1-h39f12f2_0.conda
  sha256: 4291dde55ebe9868491dc29716b84ac3de21b8084cbd4d05c9eea79d206b8ab7
  md5: ba24e6f25225fea3d5b6912e2ac562f8
  depends:
  - __osx >=11.0
  license: 0BSD
  purls: []
  size: 92295
  timestamp: 1743771392206
- conda: https://conda.anaconda.org/conda-forge/osx-arm64/libsqlite-3.49.1-h3f77e49_2.conda
  sha256: 907a95f73623c343fc14785cbfefcb7a6b4f2bcf9294fcb295c121611c3a590d
  md5: 3b1e330d775170ac46dff9a94c253bd0
  depends:
  - __osx >=11.0
  - libzlib >=1.3.1,<2.0a0
  license: Unlicense
  purls: []
  size: 900188
  timestamp: 1742083865246
- conda: https://conda.anaconda.org/conda-forge/osx-arm64/libzlib-1.3.1-h8359307_2.conda
  sha256: ce34669eadaba351cd54910743e6a2261b67009624dbc7daeeafdef93616711b
  md5: 369964e85dc26bfe78f41399b366c435
  depends:
  - __osx >=11.0
  constrains:
  - zlib 1.3.1 *_2
  license: Zlib
  license_family: Other
  purls: []
  size: 46438
  timestamp: 1727963202283
- pypi: https://files.pythonhosted.org/packages/6c/30/316d194b093cde57d448a4c3209f22e3046c5bb2fb0820b118292b334be7/MarkupSafe-3.0.2-cp311-cp311-macosx_11_0_arm64.whl
  name: markupsafe
  version: 3.0.2
  sha256: 93335ca3812df2f366e80509ae119189886b0f3c2b81325d39efdb84a1e2ae93
  requires_python: '>=3.9'
- pypi: https://files.pythonhosted.org/packages/43/e3/7d92a15f894aa0c9c4b49b8ee9ac9850d6e63b03c9c32c0367a13ae62209/mpmath-1.3.0-py3-none-any.whl
  name: mpmath
  version: 1.3.0
  sha256: a0b2b9fe80bbcd81a6647ff13108738cfb482d481d826cc0e02f5b35e5c88d2c
  requires_dist:
  - pytest>=4.6 ; extra == 'develop'
  - pycodestyle ; extra == 'develop'
  - pytest-cov ; extra == 'develop'
  - codecov ; extra == 'develop'
  - wheel ; extra == 'develop'
  - sphinx ; extra == 'docs'
  - gmpy2>=2.1.0a4 ; platform_python_implementation != 'PyPy' and extra == 'gmpy'
  - pytest>=4.6 ; extra == 'tests'
- pypi: https://files.pythonhosted.org/packages/b0/a2/2ea3f2058ae661b06fad1a14c0f29f1cc8e49478d02a2d68f0eac3872b86/narwhals-1.34.1-py3-none-any.whl
  name: narwhals
  version: 1.34.1
  sha256: aee49a30d1624371ad975ede2bab16cd125ab5df0fd185e2f4757e103b074d27
  requires_dist:
  - cudf>=24.10.0 ; extra == 'cudf'
  - dask[dataframe]>=2024.8 ; extra == 'dask'
  - duckdb>=1.0 ; extra == 'duckdb'
  - ibis-framework>=6.0.0 ; extra == 'ibis'
  - packaging ; extra == 'ibis'
  - pyarrow-hotfix ; extra == 'ibis'
  - rich ; extra == 'ibis'
  - modin ; extra == 'modin'
  - pandas>=0.25.3 ; extra == 'pandas'
  - polars>=0.20.3 ; extra == 'polars'
  - pyarrow>=11.0.0 ; extra == 'pyarrow'
  - pyspark>=3.5.0 ; extra == 'pyspark'
  - sqlframe>=3.22.0 ; extra == 'sqlframe'
  requires_python: '>=3.8'
- conda: https://conda.anaconda.org/conda-forge/osx-arm64/ncurses-6.5-h5e97a16_3.conda
  sha256: 2827ada40e8d9ca69a153a45f7fd14f32b2ead7045d3bbb5d10964898fe65733
  md5: 068d497125e4bf8a66bf707254fff5ae
  depends:
  - __osx >=11.0
  license: X11 AND BSD-3-Clause
  purls: []
  size: 797030
  timestamp: 1738196177597
- pypi: https://files.pythonhosted.org/packages/b9/54/dd730b32ea14ea797530a4479b2ed46a6fb250f682a9cfb997e968bf0261/networkx-3.4.2-py3-none-any.whl
  name: networkx
  version: 3.4.2
  sha256: df5d4365b724cf81b8c6a7312509d0c22386097011ad1abe274afd5e9d3bbc5f
  requires_dist:
  - numpy>=1.24 ; extra == 'default'
  - scipy>=1.10,!=1.11.0,!=1.11.1 ; extra == 'default'
  - matplotlib>=3.7 ; extra == 'default'
  - pandas>=2.0 ; extra == 'default'
  - changelist==0.5 ; extra == 'developer'
  - pre-commit>=3.2 ; extra == 'developer'
  - mypy>=1.1 ; extra == 'developer'
  - rtoml ; extra == 'developer'
  - sphinx>=7.3 ; extra == 'doc'
  - pydata-sphinx-theme>=0.15 ; extra == 'doc'
  - sphinx-gallery>=0.16 ; extra == 'doc'
  - numpydoc>=1.8.0 ; extra == 'doc'
  - pillow>=9.4 ; extra == 'doc'
  - texext>=0.6.7 ; extra == 'doc'
  - myst-nb>=1.1 ; extra == 'doc'
  - intersphinx-registry ; extra == 'doc'
  - osmnx>=1.9 ; extra == 'example'
  - momepy>=0.7.2 ; extra == 'example'
  - contextily>=1.6 ; extra == 'example'
  - seaborn>=0.13 ; extra == 'example'
  - cairocffi>=1.7 ; extra == 'example'
  - igraph>=0.11 ; extra == 'example'
  - scikit-learn>=1.5 ; extra == 'example'
  - lxml>=4.6 ; extra == 'extra'
  - pygraphviz>=1.14 ; extra == 'extra'
  - pydot>=3.0.1 ; extra == 'extra'
  - sympy>=1.10 ; extra == 'extra'
  - pytest>=7.2 ; extra == 'test'
  - pytest-cov>=4.0 ; extra == 'test'
  requires_python: '>=3.10'
- pypi: https://files.pythonhosted.org/packages/a2/0a/1212befdbecab5d80eca3cde47d304cad986ad4eec7d85a42e0b6d2cc2ef/numpy-2.2.4-cp311-cp311-macosx_11_0_arm64.whl
  name: numpy
  version: 2.2.4
  sha256: 9eeea959168ea555e556b8188da5fa7831e21d91ce031e95ce23747b7609f8a4
  requires_python: '>=3.10'
- conda: https://conda.anaconda.org/conda-forge/osx-arm64/openssl-3.5.0-h81ee809_0.conda
  sha256: 53f825acb8d3e13bdad5c869f6dc7df931941450eea7f6473b955b0aaea1a399
  md5: 3d2936da7e240d24c656138e07fa2502
  depends:
  - __osx >=11.0
  - ca-certificates
  license: Apache-2.0
  license_family: Apache
  purls: []
  size: 3067649
  timestamp: 1744132084304
- pypi: https://files.pythonhosted.org/packages/88/ef/eb23f262cca3c0c4eb7ab1933c3b1f03d021f2c48f54763065b6f0e321be/packaging-24.2-py3-none-any.whl
  name: packaging
  version: '24.2'
  sha256: 09abb1bccd265c01f4a3aa3f7a7db064b36514d2cba19a2f694fe6150451a759
  requires_python: '>=3.8'
- pypi: https://files.pythonhosted.org/packages/52/11/9eac327a38834f162b8250aab32a6781339c69afe7574368fffe46387edf/pandas-2.2.3-cp311-cp311-macosx_11_0_arm64.whl
  name: pandas
  version: 2.2.3
  sha256: 7c2875855b0ff77b2a64a0365e24455d9990730d6431b9e0ee18ad8acee13dbd
  requires_dist:
  - numpy>=1.22.4 ; python_full_version < '3.11'
  - numpy>=1.23.2 ; python_full_version == '3.11.*'
  - numpy>=1.26.0 ; python_full_version >= '3.12'
  - python-dateutil>=2.8.2
  - pytz>=2020.1
  - tzdata>=2022.7
  - hypothesis>=6.46.1 ; extra == 'test'
  - pytest>=7.3.2 ; extra == 'test'
  - pytest-xdist>=2.2.0 ; extra == 'test'
  - pyarrow>=10.0.1 ; extra == 'pyarrow'
  - bottleneck>=1.3.6 ; extra == 'performance'
  - numba>=0.56.4 ; extra == 'performance'
  - numexpr>=2.8.4 ; extra == 'performance'
  - scipy>=1.10.0 ; extra == 'computation'
  - xarray>=2022.12.0 ; extra == 'computation'
  - fsspec>=2022.11.0 ; extra == 'fss'
  - s3fs>=2022.11.0 ; extra == 'aws'
  - gcsfs>=2022.11.0 ; extra == 'gcp'
  - pandas-gbq>=0.19.0 ; extra == 'gcp'
  - odfpy>=1.4.1 ; extra == 'excel'
  - openpyxl>=3.1.0 ; extra == 'excel'
  - python-calamine>=0.1.7 ; extra == 'excel'
  - pyxlsb>=1.0.10 ; extra == 'excel'
  - xlrd>=2.0.1 ; extra == 'excel'
  - xlsxwriter>=3.0.5 ; extra == 'excel'
  - pyarrow>=10.0.1 ; extra == 'parquet'
  - pyarrow>=10.0.1 ; extra == 'feather'
  - tables>=3.8.0 ; extra == 'hdf5'
  - pyreadstat>=1.2.0 ; extra == 'spss'
  - sqlalchemy>=2.0.0 ; extra == 'postgresql'
  - psycopg2>=2.9.6 ; extra == 'postgresql'
  - adbc-driver-postgresql>=0.8.0 ; extra == 'postgresql'
  - sqlalchemy>=2.0.0 ; extra == 'mysql'
  - pymysql>=1.0.2 ; extra == 'mysql'
  - sqlalchemy>=2.0.0 ; extra == 'sql-other'
  - adbc-driver-postgresql>=0.8.0 ; extra == 'sql-other'
  - adbc-driver-sqlite>=0.8.0 ; extra == 'sql-other'
  - beautifulsoup4>=4.11.2 ; extra == 'html'
  - html5lib>=1.1 ; extra == 'html'
  - lxml>=4.9.2 ; extra == 'html'
  - lxml>=4.9.2 ; extra == 'xml'
  - matplotlib>=3.6.3 ; extra == 'plot'
  - jinja2>=3.1.2 ; extra == 'output-formatting'
  - tabulate>=0.9.0 ; extra == 'output-formatting'
  - pyqt5>=5.15.9 ; extra == 'clipboard'
  - qtpy>=2.3.0 ; extra == 'clipboard'
  - zstandard>=0.19.0 ; extra == 'compression'
  - dataframe-api-compat>=0.1.7 ; extra == 'consortium-standard'
  - adbc-driver-postgresql>=0.8.0 ; extra == 'all'
  - adbc-driver-sqlite>=0.8.0 ; extra == 'all'
  - beautifulsoup4>=4.11.2 ; extra == 'all'
  - bottleneck>=1.3.6 ; extra == 'all'
  - dataframe-api-compat>=0.1.7 ; extra == 'all'
  - fastparquet>=2022.12.0 ; extra == 'all'
  - fsspec>=2022.11.0 ; extra == 'all'
  - gcsfs>=2022.11.0 ; extra == 'all'
  - html5lib>=1.1 ; extra == 'all'
  - hypothesis>=6.46.1 ; extra == 'all'
  - jinja2>=3.1.2 ; extra == 'all'
  - lxml>=4.9.2 ; extra == 'all'
  - matplotlib>=3.6.3 ; extra == 'all'
  - numba>=0.56.4 ; extra == 'all'
  - numexpr>=2.8.4 ; extra == 'all'
  - odfpy>=1.4.1 ; extra == 'all'
  - openpyxl>=3.1.0 ; extra == 'all'
  - pandas-gbq>=0.19.0 ; extra == 'all'
  - psycopg2>=2.9.6 ; extra == 'all'
  - pyarrow>=10.0.1 ; extra == 'all'
  - pymysql>=1.0.2 ; extra == 'all'
  - pyqt5>=5.15.9 ; extra == 'all'
  - pyreadstat>=1.2.0 ; extra == 'all'
  - pytest>=7.3.2 ; extra == 'all'
  - pytest-xdist>=2.2.0 ; extra == 'all'
  - python-calamine>=0.1.7 ; extra == 'all'
  - pyxlsb>=1.0.10 ; extra == 'all'
  - qtpy>=2.3.0 ; extra == 'all'
  - scipy>=1.10.0 ; extra == 'all'
  - s3fs>=2022.11.0 ; extra == 'all'
  - sqlalchemy>=2.0.0 ; extra == 'all'
  - tables>=3.8.0 ; extra == 'all'
  - tabulate>=0.9.0 ; extra == 'all'
  - xarray>=2022.12.0 ; extra == 'all'
  - xlrd>=2.0.1 ; extra == 'all'
  - xlsxwriter>=3.0.5 ; extra == 'all'
  - zstandard>=0.19.0 ; extra == 'all'
  requires_python: '>=3.9'
- pypi: https://files.pythonhosted.org/packages/84/92/6505b1af3d2849d5e714fc75ba9e69b7255c05ee42383a35a4d58f576b16/pillow-11.2.1-cp311-cp311-macosx_11_0_arm64.whl
  name: pillow
  version: 11.2.1
  sha256: e0409af9f829f87a2dfb7e259f78f317a5351f2045158be321fd135973fff7bf
  requires_dist:
  - furo ; extra == 'docs'
  - olefile ; extra == 'docs'
  - sphinx>=8.2 ; extra == 'docs'
  - sphinx-copybutton ; extra == 'docs'
  - sphinx-inline-tabs ; extra == 'docs'
  - sphinxext-opengraph ; extra == 'docs'
  - olefile ; extra == 'fpx'
  - olefile ; extra == 'mic'
  - pyarrow ; extra == 'test-arrow'
  - check-manifest ; extra == 'tests'
  - coverage>=7.4.2 ; extra == 'tests'
  - defusedxml ; extra == 'tests'
  - markdown2 ; extra == 'tests'
  - olefile ; extra == 'tests'
  - packaging ; extra == 'tests'
  - pyroma ; extra == 'tests'
  - pytest ; extra == 'tests'
  - pytest-cov ; extra == 'tests'
  - pytest-timeout ; extra == 'tests'
  - trove-classifiers>=2024.10.12 ; extra == 'tests'
  - typing-extensions ; python_full_version < '3.10' and extra == 'typing'
  - defusedxml ; extra == 'xmp'
  requires_python: '>=3.9'
- pypi: https://files.pythonhosted.org/packages/02/65/ad2bc85f7377f5cfba5d4466d5474423a3fb7f6a97fd807c06f92dd3e721/plotly-6.0.1-py3-none-any.whl
  name: plotly
  version: 6.0.1
  sha256: 4714db20fea57a435692c548a4eb4fae454f7daddf15f8d8ba7e1045681d7768
  requires_dist:
  - narwhals>=1.15.1
  - packaging
  - numpy ; extra == 'express'
  requires_python: '>=3.8'
- pypi: https://files.pythonhosted.org/packages/46/de/7c126bbb06aa0f8a7b38aaf8bd746c514d70e6a2a3f6dd460b3b7aad7aae/protobuf-5.29.4-cp38-abi3-macosx_10_9_universal2.whl
  name: protobuf
  version: 5.29.4
  sha256: 307ecba1d852ec237e9ba668e087326a67564ef83e45a0189a772ede9e854dd0
  requires_python: '>=3.8'
- pypi: https://files.pythonhosted.org/packages/a0/55/f1a8d838ec07fe3ca53edbe76f782df7b9aafd4417080eebf0b42aab0c52/pyarrow-19.0.1-cp311-cp311-macosx_12_0_arm64.whl
  name: pyarrow
  version: 19.0.1
  sha256: cc55d71898ea30dc95900297d191377caba257612f384207fe9f8293b5850f90
  requires_dist:
  - pytest ; extra == 'test'
  - hypothesis ; extra == 'test'
  - cffi ; extra == 'test'
  - pytz ; extra == 'test'
  - pandas ; extra == 'test'
  requires_python: '>=3.9'
- pypi: https://files.pythonhosted.org/packages/ab/4c/b888e6cf58bd9db9c93f40d1c6be8283ff49d88919231afe93a6bcf61626/pydeck-0.9.1-py2.py3-none-any.whl
  name: pydeck
  version: 0.9.1
  sha256: b3f75ba0d273fc917094fa61224f3f6076ca8752b93d46faf3bcfd9f9d59b038
  requires_dist:
  - jinja2>=2.10.1
  - numpy>=1.16.4
  - pydeck-carto ; extra == 'carto'
  - ipywidgets>=7,<8 ; extra == 'jupyter'
  - traitlets>=4.3.2 ; extra == 'jupyter'
  - ipython>=5.8.0 ; python_full_version < '3.4' and extra == 'jupyter'
  - ipykernel>=5.1.2 ; python_full_version >= '3.4' and extra == 'jupyter'
  requires_python: '>=3.8'
- conda: https://conda.anaconda.org/conda-forge/osx-arm64/python-3.11.12-hc22306f_0_cpython.conda
  sha256: ea91eb5bc7160cbc6f8110702f9250c87e378ff1dc83ab8daa8ae7832fb5d0de
  md5: 6ab5f6a9e85f1b1848b6518e7eea63ee
  depends:
  - __osx >=11.0
  - bzip2 >=1.0.8,<2.0a0
  - libexpat >=2.7.0,<3.0a0
  - libffi >=3.4.6,<3.5.0a0
  - liblzma >=5.8.1,<6.0a0
  - libsqlite >=3.49.1,<4.0a0
  - libzlib >=1.3.1,<2.0a0
  - ncurses >=6.5,<7.0a0
  - openssl >=3.5.0,<4.0a0
  - readline >=8.2,<9.0a0
  - tk >=8.6.13,<8.7.0a0
  - tzdata
  constrains:
  - python_abi 3.11.* *_cp311
  license: Python-2.0
  purls: []
  size: 13584762
  timestamp: 1744323773319
- pypi: https://files.pythonhosted.org/packages/ec/57/56b9bcc3c9c6a792fcbaf139543cee77261f3651ca9da0c93f5c1221264b/python_dateutil-2.9.0.post0-py2.py3-none-any.whl
  name: python-dateutil
  version: 2.9.0.post0
  sha256: a8b2bc7bffae282281c8140a97d3aa9c14da0b136dfe83f850eea9a5f7470427
  requires_dist:
  - six>=1.5
  requires_python: '>=2.7,!=3.0.*,!=3.1.*,!=3.2.*'
- pypi: https://files.pythonhosted.org/packages/81/c4/34e93fe5f5429d7570ec1fa436f1986fb1f00c3e0f43a589fe2bbcd22c3f/pytz-2025.2-py2.py3-none-any.whl
  name: pytz
  version: '2025.2'
  sha256: 5ddf76296dd8c44c26eb8f4b6f35488f3ccbf6fbbd7adee0b7262d43f0ec2f00
- conda: https://conda.anaconda.org/conda-forge/osx-arm64/readline-8.2-h1d1bf99_2.conda
  sha256: 7db04684d3904f6151eff8673270922d31da1eea7fa73254d01c437f49702e34
  md5: 63ef3f6e6d6d5c589e64f11263dc5676
  depends:
  - ncurses >=6.5,<7.0a0
  license: GPL-3.0-only
  license_family: GPL
  purls: []
  size: 252359
  timestamp: 1740379663071
- pypi: https://files.pythonhosted.org/packages/c1/b1/3baf80dc6d2b7bc27a95a67752d0208e410351e3feb4eb78de5f77454d8d/referencing-0.36.2-py3-none-any.whl
  name: referencing
  version: 0.36.2
  sha256: e8699adbbf8b5c7de96d8ffa0eb5c158b3beafce084968e2ea8bb08c6794dcd0
  requires_dist:
  - attrs>=22.2.0
  - rpds-py>=0.7.0
  - typing-extensions>=4.4.0 ; python_full_version < '3.13'
  requires_python: '>=3.9'
- pypi: https://files.pythonhosted.org/packages/f9/9b/335f9764261e915ed497fcdeb11df5dfd6f7bf257d4a6a2a686d80da4d54/requests-2.32.3-py3-none-any.whl
  name: requests
  version: 2.32.3
  sha256: 70761cfe03c773ceb22aa2f671b4757976145175cdfca038c02654d061d6dcc6
  requires_dist:
  - charset-normalizer>=2,<4
  - idna>=2.5,<4
  - urllib3>=1.21.1,<3
  - certifi>=2017.4.17
  - pysocks>=1.5.6,!=1.5.7 ; extra == 'socks'
  - chardet>=3.0.2,<6 ; extra == 'use-chardet-on-py3'
  requires_python: '>=3.8'
- pypi: https://files.pythonhosted.org/packages/dd/26/ea4181ef78f58b2c167548c6a833d7dc22408e5b3b181bda9dda440bb92d/rpds_py-0.24.0-cp311-cp311-macosx_11_0_arm64.whl
  name: rpds-py
  version: 0.24.0
  sha256: e13ae74a8a3a0c2f22f450f773e35f893484fcfacb00bb4344a7e0f4f48e1f97
  requires_python: '>=3.9'
- pypi: https://files.pythonhosted.org/packages/b7/ce/149a00dd41f10bc29e5921b496af8b574d8413afcd5e30dfa0ed46c2cc5e/six-1.17.0-py2.py3-none-any.whl
  name: six
  version: 1.17.0
  sha256: 4721f391ed90541fddacab5acf947aa0d3dc7d27b2e1e8eda2be8970586c3274
  requires_python: '>=2.7,!=3.0.*,!=3.1.*,!=3.2.*'
- pypi: https://files.pythonhosted.org/packages/04/be/d09147ad1ec7934636ad912901c5fd7667e1c858e19d355237db0d0cd5e4/smmap-5.0.2-py3-none-any.whl
  name: smmap
  version: 5.0.2
  sha256: b30115f0def7d7531d22a0fb6502488d879e75b260a9db4d0819cfb25403af5e
  requires_python: '>=3.7'
- pypi: https://files.pythonhosted.org/packages/eb/17/fc425e1d4d86e31b2aaf0812a2ef2163763a0670d671720c7c36e8679323/streamlit-1.44.1-py3-none-any.whl
  name: streamlit
  version: 1.44.1
  sha256: 9fe355f58b11f4eb71e74f115ce1f38c4c9eaff2733e6bcffb510ac1298a5990
  requires_dist:
  - altair>=4.0,<6
  - blinker>=1.0.0,<2
  - cachetools>=4.0,<6
  - click>=7.0,<9
  - numpy>=1.23,<3
  - packaging>=20,<25
  - pandas>=1.4.0,<3
  - pillow>=7.1.0,<12
  - protobuf>=3.20,<6
  - pyarrow>=7.0
  - requests>=2.27,<3
  - tenacity>=8.1.0,<10
  - toml>=0.10.1,<2
  - typing-extensions>=4.4.0,<5
  - watchdog>=2.1.5,<7 ; sys_platform != 'darwin'
  - gitpython>=3.0.7,!=3.1.19,<4
  - pydeck>=0.8.0b4,<1
  - tornado>=6.0.3,<7
  - snowflake-snowpark-python[modin]>=1.17.0 ; python_full_version < '3.12' and extra == 'snowflake'
  - snowflake-connector-python>=3.3.0 ; python_full_version < '3.12' and extra == 'snowflake'
  requires_python: '>=3.9,!=3.9.7'
- pypi: https://files.pythonhosted.org/packages/b2/fe/81695a1aa331a842b582453b605175f419fe8540355886031328089d840a/sympy-1.13.1-py3-none-any.whl
  name: sympy
  version: 1.13.1
  sha256: db36cdc64bf61b9b24578b6f7bab1ecdd2452cf008f34faa33776680c26d66f8
  requires_dist:
  - mpmath>=1.1.0,<1.4
  - pytest>=7.1.0 ; extra == 'dev'
  - hypothesis>=6.70.0 ; extra == 'dev'
  requires_python: '>=3.8'
- pypi: https://files.pythonhosted.org/packages/e5/30/643397144bfbfec6f6ef821f36f33e57d35946c44a2352d3c9f0ae847619/tenacity-9.1.2-py3-none-any.whl
  name: tenacity
  version: 9.1.2
  sha256: f77bf36710d8b73a50b2dd155c97b870017ad21afe6ab300326b0371b3b05138
  requires_dist:
  - reno ; extra == 'doc'
  - sphinx ; extra == 'doc'
  - pytest ; extra == 'test'
  - tornado>=4.5 ; extra == 'test'
  - typeguard ; extra == 'test'
  requires_python: '>=3.9'
- conda: https://conda.anaconda.org/conda-forge/osx-arm64/tk-8.6.13-h5083fa2_1.conda
  sha256: 72457ad031b4c048e5891f3f6cb27a53cb479db68a52d965f796910e71a403a8
  md5: b50a57ba89c32b62428b71a875291c9b
  depends:
  - libzlib >=1.2.13,<2.0.0a0
  license: TCL
  license_family: BSD
  purls: []
  size: 3145523
  timestamp: 1699202432999
- pypi: https://files.pythonhosted.org/packages/44/6f/7120676b6d73228c96e17f1f794d8ab046fc910d781c8d151120c3f1569e/toml-0.10.2-py2.py3-none-any.whl
  name: toml
  version: 0.10.2
  sha256: 806143ae5bfb6a3c6e736a764057db0e6a0e05e338b5630894a5f779cabb4f9b
  requires_python: '>=2.6,!=3.0.*,!=3.1.*,!=3.2.*'
- pypi: https://files.pythonhosted.org/packages/0b/fa/f33a4148c6fb46ca2a3f8de39c24d473822d5774d652b66ed9b1214da5f7/torch-2.6.0-cp311-none-macosx_11_0_arm64.whl
  name: torch
  version: 2.6.0
  sha256: 94fc63b3b4bedd327af588696559f68c264440e2503cc9e6954019473d74ae21
  requires_dist:
  - filelock
  - typing-extensions>=4.10.0
  - networkx
  - jinja2
  - fsspec
  - nvidia-cuda-nvrtc-cu12==12.4.127 ; platform_machine == 'x86_64' and sys_platform == 'linux'
  - nvidia-cuda-runtime-cu12==12.4.127 ; platform_machine == 'x86_64' and sys_platform == 'linux'
  - nvidia-cuda-cupti-cu12==12.4.127 ; platform_machine == 'x86_64' and sys_platform == 'linux'
  - nvidia-cudnn-cu12==9.1.0.70 ; platform_machine == 'x86_64' and sys_platform == 'linux'
  - nvidia-cublas-cu12==12.4.5.8 ; platform_machine == 'x86_64' and sys_platform == 'linux'
  - nvidia-cufft-cu12==11.2.1.3 ; platform_machine == 'x86_64' and sys_platform == 'linux'
  - nvidia-curand-cu12==10.3.5.147 ; platform_machine == 'x86_64' and sys_platform == 'linux'
  - nvidia-cusolver-cu12==11.6.1.9 ; platform_machine == 'x86_64' and sys_platform == 'linux'
  - nvidia-cusparse-cu12==12.3.1.170 ; platform_machine == 'x86_64' and sys_platform == 'linux'
  - nvidia-cusparselt-cu12==0.6.2 ; platform_machine == 'x86_64' and sys_platform == 'linux'
  - nvidia-nccl-cu12==2.21.5 ; platform_machine == 'x86_64' and sys_platform == 'linux'
  - nvidia-nvtx-cu12==12.4.127 ; platform_machine == 'x86_64' and sys_platform == 'linux'
  - nvidia-nvjitlink-cu12==12.4.127 ; platform_machine == 'x86_64' and sys_platform == 'linux'
  - triton==3.2.0 ; platform_machine == 'x86_64' and sys_platform == 'linux'
  - setuptools ; python_full_version >= '3.12'
  - sympy==1.13.1 ; python_full_version >= '3.9'
  - opt-einsum>=3.3 ; extra == 'opt-einsum'
  - optree>=0.13.0 ; extra == 'optree'
  requires_python: '>=3.9.0'
- pypi: https://files.pythonhosted.org/packages/29/88/00c69db213ee2443ada8886ec60789b227e06bb869d85ee324578221a7f7/torchvision-0.21.0-cp311-cp311-macosx_11_0_arm64.whl
  name: torchvision
  version: 0.21.0
  sha256: 110d115333524d60e9e474d53c7d20f096dbd8a080232f88dddb90566f90064c
  requires_dist:
  - numpy
  - torch==2.6.0
  - pillow>=5.3.0,!=8.3.*
  - gdown>=4.7.3 ; extra == 'gdown'
  - scipy ; extra == 'scipy'
  requires_python: '>=3.9'
- pypi: https://files.pythonhosted.org/packages/26/7e/71f604d8cea1b58f82ba3590290b66da1e72d840aeb37e0d5f7291bd30db/tornado-6.4.2-cp38-abi3-macosx_10_9_universal2.whl
  name: tornado
  version: 6.4.2
  sha256: e828cce1123e9e44ae2a50a9de3055497ab1d0aeb440c5ac23064d9e44880da1
  requires_python: '>=3.8'
- pypi: https://files.pythonhosted.org/packages/8b/54/b1ae86c0973cc6f0210b53d508ca3641fb6d0c56823f288d108bc7ab3cc8/typing_extensions-4.13.2-py3-none-any.whl
  name: typing-extensions
  version: 4.13.2
  sha256: a439e7c04b49fec3e5d3e2beaa21755cadbbdc391694e28ccdd36ca4a1408f8c
  requires_python: '>=3.8'
- pypi: https://files.pythonhosted.org/packages/5c/23/c7abc0ca0a1526a0774eca151daeb8de62ec457e77262b66b359c3c7679e/tzdata-2025.2-py2.py3-none-any.whl
  name: tzdata
  version: '2025.2'
  sha256: 1a403fada01ff9221ca8044d701868fa132215d84beb92242d9acd2147f667a8
  requires_python: '>=2'
- conda: https://conda.anaconda.org/conda-forge/noarch/tzdata-2025b-h78e105d_0.conda
  sha256: 5aaa366385d716557e365f0a4e9c3fca43ba196872abbbe3d56bb610d131e192
  md5: 4222072737ccff51314b5ece9c7d6f5a
  license: LicenseRef-Public-Domain
  purls: []
  size: 122968
  timestamp: 1742727099393
- pypi: https://files.pythonhosted.org/packages/6b/11/cc635220681e93a0183390e26485430ca2c7b5f9d33b15c74c2861cb8091/urllib3-2.4.0-py3-none-any.whl
  name: urllib3
  version: 2.4.0
  sha256: 4e16665048960a0900c702d4a66415956a584919c03361cac9f1df5c5dd7e813
  requires_dist:
  - brotli>=1.0.9 ; platform_python_implementation == 'CPython' and extra == 'brotli'
  - brotlicffi>=0.8.0 ; platform_python_implementation != 'CPython' and extra == 'brotli'
  - h2>=4,<5 ; extra == 'h2'
  - pysocks>=1.5.6,!=1.5.7,<2.0 ; extra == 'socks'
  - zstandard>=0.18.0 ; extra == 'zstd'
  requires_python: '>=3.9'
- pypi: https://files.pythonhosted.org/packages/d1/40/b75381494851556de56281e053700e46bff5b37bf4c7267e858640af5a7f/watchdog-6.0.0-cp311-cp311-macosx_11_0_arm64.whl
  name: watchdog
  version: 6.0.0
  sha256: afd0fe1b2270917c5e23c2a65ce50c2a4abb63daafb0d419fde368e272a76b7c
  requires_dist:
  - pyyaml>=3.10 ; extra == 'watchmedo'
  requires_python: '>=3.9'
