version: 6
environments:
  default:
    channels:
    - url: https://conda.anaconda.org/conda-forge/
    indexes:
    - https://pypi.org/simple
    packages:
      osx-arm64:
      - conda: https://conda.anaconda.org/conda-forge/osx-arm64/bzip2-1.0.8-h99b78c6_7.conda
      - conda: https://conda.anaconda.org/conda-forge/noarch/ca-certificates-2025.4.26-hbd8a1cb_0.conda
      - conda: https://conda.anaconda.org/conda-forge/osx-arm64/libexpat-2.7.0-h286801f_0.conda
      - conda: https://conda.anaconda.org/conda-forge/osx-arm64/libffi-3.4.6-h1da3d7d_1.conda
      - conda: https://conda.anaconda.org/conda-forge/osx-arm64/liblzma-5.8.1-h39f12f2_1.conda
      - conda: https://conda.anaconda.org/conda-forge/osx-arm64/libmpdec-4.0.0-h99b78c6_0.conda
      - conda: https://conda.anaconda.org/conda-forge/osx-arm64/libsqlite-3.49.2-h3f77e49_0.conda
      - conda: https://conda.anaconda.org/conda-forge/osx-arm64/libzlib-1.3.1-h8359307_2.conda
      - conda: https://conda.anaconda.org/conda-forge/osx-arm64/ncurses-6.5-h5e97a16_3.conda
      - conda: https://conda.anaconda.org/conda-forge/osx-arm64/openssl-3.5.0-h81ee809_1.conda
      - conda: https://conda.anaconda.org/conda-forge/osx-arm64/python-3.13.3-h81fe080_101_cp313.conda
      - conda: https://conda.anaconda.org/conda-forge/noarch/python_abi-3.13-7_cp313.conda
      - conda: https://conda.anaconda.org/conda-forge/osx-arm64/readline-8.2-h1d1bf99_2.conda
      - conda: https://conda.anaconda.org/conda-forge/osx-arm64/tk-8.6.13-h5083fa2_1.conda
      - conda: https://conda.anaconda.org/conda-forge/noarch/tzdata-2025b-h78e105d_0.conda
      - pypi: https://files.pythonhosted.org/packages/4a/7e/3db2bd1b1f9e95f7cddca6d6e75e2f2bd9f51b1246e546d88addca0106bd/certifi-2025.4.26-py3-none-any.whl
      - pypi: https://files.pythonhosted.org/packages/ea/12/a93df3366ed32db1d907d7593a94f1fe6293903e3e92967bebd6950ed12c/charset_normalizer-3.4.2-cp313-cp313-macosx_10_13_universal2.whl
      - pypi: https://files.pythonhosted.org/packages/4d/36/2a115987e2d8c300a974597416d9de88f2444426de9571f4b59b2cca3acc/filelock-3.18.0-py3-none-any.whl
      - pypi: https://files.pythonhosted.org/packages/44/4b/e0cfc1a6f17e990f3e64b7d941ddc4acdc7b19d6edd51abf495f32b1a9e4/fsspec-2025.3.2-py3-none-any.whl
      - pypi: https://files.pythonhosted.org/packages/83/81/a8fd9c226f7e3bc8918f1e456131717cb38e93f18ccc109bf3c8471e464f/huggingface_hub-0.31.2-py3-none-any.whl
      - pypi: https://files.pythonhosted.org/packages/76/c6/c88e154df9c4e1a2a66ccf0005a88dfb2650c1dffb6f5ce603dfbd452ce3/idna-3.10-py3-none-any.whl
      - pypi: https://files.pythonhosted.org/packages/62/a1/3d680cbfd5f4b8f15abc1d571870c5fc3e594bb582bc3b64ea099db13e56/jinja2-3.1.6-py3-none-any.whl
      - pypi: https://files.pythonhosted.org/packages/2b/6d/9409f3684d3335375d04e5f05744dfe7e9f120062c9857df4ab490a1031a/MarkupSafe-3.0.2-cp313-cp313-macosx_11_0_arm64.whl
      - pypi: https://files.pythonhosted.org/packages/43/e3/7d92a15f894aa0c9c4b49b8ee9ac9850d6e63b03c9c32c0367a13ae62209/mpmath-1.3.0-py3-none-any.whl
      - pypi: https://files.pythonhosted.org/packages/b9/54/dd730b32ea14ea797530a4479b2ed46a6fb250f682a9cfb997e968bf0261/networkx-3.4.2-py3-none-any.whl
      - pypi: https://files.pythonhosted.org/packages/dc/9e/14520dc3dadf3c803473bd07e9b2bd1b69bc583cb2497b47000fed2fa92f/numpy-2.2.6-cp313-cp313-macosx_11_0_arm64.whl
      - pypi: https://files.pythonhosted.org/packages/20/12/38679034af332785aac8774540895e234f4d07f7545804097de4b666afd8/packaging-25.0-py3-none-any.whl
      - pypi: https://files.pythonhosted.org/packages/45/9f/3b1c20a0b7a3200524eb0076cc027a970d320bd3a6592873c85c92a08731/PyYAML-6.0.2-cp313-cp313-macosx_11_0_arm64.whl
      - pypi: https://files.pythonhosted.org/packages/09/c9/4e68181a4a652fb3ef5099e077faf4fd2a694ea6e0f806a7737aff9e758a/regex-2024.11.6-cp313-cp313-macosx_11_0_arm64.whl
      - pypi: https://files.pythonhosted.org/packages/f9/9b/335f9764261e915ed497fcdeb11df5dfd6f7bf257d4a6a2a686d80da4d54/requests-2.32.3-py3-none-any.whl
      - pypi: https://files.pythonhosted.org/packages/b8/3b/11f1b4a2f5d2ab7da34ecc062b0bc301f2be024d110a6466726bec8c055c/safetensors-0.5.3-cp38-abi3-macosx_11_0_arm64.whl
      - pypi: https://files.pythonhosted.org/packages/a1/18/0e835c3a557dc5faffc8f91092f62fc337c1dab1066715842e7a4b318ec4/setuptools-80.7.1-py3-none-any.whl
      - pypi: https://files.pythonhosted.org/packages/a2/09/77d55d46fd61b4a135c444fc97158ef34a095e5681d0a6c10b75bf356191/sympy-1.14.0-py3-none-any.whl
      - pypi: https://files.pythonhosted.org/packages/ae/1a/4526797f3719b0287853f12c5ad563a9be09d446c44ac784cdd7c50f76ab/tokenizers-0.21.1-cp39-abi3-macosx_11_0_arm64.whl
      - pypi: https://files.pythonhosted.org/packages/90/48/7e6477cf40d48cc0a61fa0d41ee9582b9a316b12772fcac17bc1a40178e7/torch-2.7.0-cp313-none-macosx_11_0_arm64.whl
      - pypi: https://files.pythonhosted.org/packages/d0/30/dc54f88dd4a2b5dc8a0279bdd7270e735851848b762aeb1c1184ed1f6b14/tqdm-4.67.1-py3-none-any.whl
      - pypi: https://files.pythonhosted.org/packages/a9/b6/5257d04ae327b44db31f15cce39e6020cc986333c715660b1315a9724d82/transformers-4.51.3-py3-none-any.whl
      - pypi: https://files.pythonhosted.org/packages/8b/54/b1ae86c0973cc6f0210b53d508ca3641fb6d0c56823f288d108bc7ab3cc8/typing_extensions-4.13.2-py3-none-any.whl
      - pypi: https://files.pythonhosted.org/packages/6b/11/cc635220681e93a0183390e26485430ca2c7b5f9d33b15c74c2861cb8091/urllib3-2.4.0-py3-none-any.whl
packages:
- conda: https://conda.anaconda.org/conda-forge/osx-arm64/bzip2-1.0.8-h99b78c6_7.conda
  sha256: adfa71f158cbd872a36394c56c3568e6034aa55c623634b37a4836bd036e6b91
  md5: fc6948412dbbbe9a4c9ddbbcfe0a79ab
  depends:
  - __osx >=11.0
  license: bzip2-1.0.6
  license_family: BSD
  purls: []
  size: 122909
  timestamp: 1720974522888
- conda: https://conda.anaconda.org/conda-forge/noarch/ca-certificates-2025.4.26-hbd8a1cb_0.conda
  sha256: 2a70ed95ace8a3f8a29e6cd1476a943df294a7111dfb3e152e3478c4c889b7ac
  md5: 95db94f75ba080a22eb623590993167b
  depends:
  - __unix
  license: ISC
  purls: []
  size: 152283
  timestamp: 1745653616541
- pypi: https://files.pythonhosted.org/packages/4a/7e/3db2bd1b1f9e95f7cddca6d6e75e2f2bd9f51b1246e546d88addca0106bd/certifi-2025.4.26-py3-none-any.whl
  name: certifi
  version: 2025.4.26
  sha256: 30350364dfe371162649852c63336a15c70c6510c2ad5015b21c2345311805f3
  requires_python: '>=3.6'
- pypi: https://files.pythonhosted.org/packages/ea/12/a93df3366ed32db1d907d7593a94f1fe6293903e3e92967bebd6950ed12c/charset_normalizer-3.4.2-cp313-cp313-macosx_10_13_universal2.whl
  name: charset-normalizer
  version: 3.4.2
  sha256: 926ca93accd5d36ccdabd803392ddc3e03e6d4cd1cf17deff3b989ab8e9dbcf0
  requires_python: '>=3.7'
- pypi: https://files.pythonhosted.org/packages/4d/36/2a115987e2d8c300a974597416d9de88f2444426de9571f4b59b2cca3acc/filelock-3.18.0-py3-none-any.whl
  name: filelock
  version: 3.18.0
  sha256: c401f4f8377c4464e6db25fff06205fd89bdd83b65eb0488ed1b160f780e21de
  requires_dist:
  - furo>=2024.8.6 ; extra == 'docs'
  - sphinx-autodoc-typehints>=3 ; extra == 'docs'
  - sphinx>=8.1.3 ; extra == 'docs'
  - covdefaults>=2.3 ; extra == 'testing'
  - coverage>=7.6.10 ; extra == 'testing'
  - diff-cover>=9.2.1 ; extra == 'testing'
  - pytest-asyncio>=0.25.2 ; extra == 'testing'
  - pytest-cov>=6 ; extra == 'testing'
  - pytest-mock>=3.14 ; extra == 'testing'
  - pytest-timeout>=2.3.1 ; extra == 'testing'
  - pytest>=8.3.4 ; extra == 'testing'
  - virtualenv>=20.28.1 ; extra == 'testing'
  - typing-extensions>=4.12.2 ; python_full_version < '3.11' and extra == 'typing'
  requires_python: '>=3.9'
- pypi: https://files.pythonhosted.org/packages/44/4b/e0cfc1a6f17e990f3e64b7d941ddc4acdc7b19d6edd51abf495f32b1a9e4/fsspec-2025.3.2-py3-none-any.whl
  name: fsspec
  version: 2025.3.2
  sha256: 2daf8dc3d1dfa65b6aa37748d112773a7a08416f6c70d96b264c96476ecaf711
  requires_dist:
  - adlfs ; extra == 'abfs'
  - adlfs ; extra == 'adl'
  - pyarrow>=1 ; extra == 'arrow'
  - dask ; extra == 'dask'
  - distributed ; extra == 'dask'
  - pre-commit ; extra == 'dev'
  - ruff ; extra == 'dev'
  - numpydoc ; extra == 'doc'
  - sphinx ; extra == 'doc'
  - sphinx-design ; extra == 'doc'
  - sphinx-rtd-theme ; extra == 'doc'
  - yarl ; extra == 'doc'
  - dropbox ; extra == 'dropbox'
  - dropboxdrivefs ; extra == 'dropbox'
  - requests ; extra == 'dropbox'
  - adlfs ; extra == 'full'
  - aiohttp!=4.0.0a0,!=4.0.0a1 ; extra == 'full'
  - dask ; extra == 'full'
  - distributed ; extra == 'full'
  - dropbox ; extra == 'full'
  - dropboxdrivefs ; extra == 'full'
  - fusepy ; extra == 'full'
  - gcsfs ; extra == 'full'
  - libarchive-c ; extra == 'full'
  - ocifs ; extra == 'full'
  - panel ; extra == 'full'
  - paramiko ; extra == 'full'
  - pyarrow>=1 ; extra == 'full'
  - pygit2 ; extra == 'full'
  - requests ; extra == 'full'
  - s3fs ; extra == 'full'
  - smbprotocol ; extra == 'full'
  - tqdm ; extra == 'full'
  - fusepy ; extra == 'fuse'
  - gcsfs ; extra == 'gcs'
  - pygit2 ; extra == 'git'
  - requests ; extra == 'github'
  - gcsfs ; extra == 'gs'
  - panel ; extra == 'gui'
  - pyarrow>=1 ; extra == 'hdfs'
  - aiohttp!=4.0.0a0,!=4.0.0a1 ; extra == 'http'
  - libarchive-c ; extra == 'libarchive'
  - ocifs ; extra == 'oci'
  - s3fs ; extra == 's3'
  - paramiko ; extra == 'sftp'
  - smbprotocol ; extra == 'smb'
  - paramiko ; extra == 'ssh'
  - aiohttp!=4.0.0a0,!=4.0.0a1 ; extra == 'test'
  - numpy ; extra == 'test'
  - pytest ; extra == 'test'
  - pytest-asyncio!=0.22.0 ; extra == 'test'
  - pytest-benchmark ; extra == 'test'
  - pytest-cov ; extra == 'test'
  - pytest-mock ; extra == 'test'
  - pytest-recording ; extra == 'test'
  - pytest-rerunfailures ; extra == 'test'
  - requests ; extra == 'test'
  - aiobotocore>=2.5.4,<3.0.0 ; extra == 'test-downstream'
  - dask[dataframe,test] ; extra == 'test-downstream'
  - moto[server]>4,<5 ; extra == 'test-downstream'
  - pytest-timeout ; extra == 'test-downstream'
  - xarray ; extra == 'test-downstream'
  - adlfs ; extra == 'test-full'
  - aiohttp!=4.0.0a0,!=4.0.0a1 ; extra == 'test-full'
  - cloudpickle ; extra == 'test-full'
  - dask ; extra == 'test-full'
  - distributed ; extra == 'test-full'
  - dropbox ; extra == 'test-full'
  - dropboxdrivefs ; extra == 'test-full'
  - fastparquet ; extra == 'test-full'
  - fusepy ; extra == 'test-full'
  - gcsfs ; extra == 'test-full'
  - jinja2 ; extra == 'test-full'
  - kerchunk ; extra == 'test-full'
  - libarchive-c ; extra == 'test-full'
  - lz4 ; extra == 'test-full'
  - notebook ; extra == 'test-full'
  - numpy ; extra == 'test-full'
  - ocifs ; extra == 'test-full'
  - pandas ; extra == 'test-full'
  - panel ; extra == 'test-full'
  - paramiko ; extra == 'test-full'
  - pyarrow ; extra == 'test-full'
  - pyarrow>=1 ; extra == 'test-full'
  - pyftpdlib ; extra == 'test-full'
  - pygit2 ; extra == 'test-full'
  - pytest ; extra == 'test-full'
  - pytest-asyncio!=0.22.0 ; extra == 'test-full'
  - pytest-benchmark ; extra == 'test-full'
  - pytest-cov ; extra == 'test-full'
  - pytest-mock ; extra == 'test-full'
  - pytest-recording ; extra == 'test-full'
  - pytest-rerunfailures ; extra == 'test-full'
  - python-snappy ; extra == 'test-full'
  - requests ; extra == 'test-full'
  - smbprotocol ; extra == 'test-full'
  - tqdm ; extra == 'test-full'
  - urllib3 ; extra == 'test-full'
  - zarr ; extra == 'test-full'
  - zstandard ; extra == 'test-full'
  - tqdm ; extra == 'tqdm'
  requires_python: '>=3.9'
- pypi: https://files.pythonhosted.org/packages/83/81/a8fd9c226f7e3bc8918f1e456131717cb38e93f18ccc109bf3c8471e464f/huggingface_hub-0.31.2-py3-none-any.whl
  name: huggingface-hub
  version: 0.31.2
  sha256: 8138cd52aa2326b4429bb00a4a1ba8538346b7b8a808cdce30acb6f1f1bdaeec
  requires_dist:
  - filelock
  - fsspec>=2023.5.0
  - packaging>=20.9
  - pyyaml>=5.1
  - requests
  - tqdm>=4.42.1
  - typing-extensions>=3.7.4.3
  - inquirerpy==0.3.4 ; extra == 'all'
  - aiohttp ; extra == 'all'
  - jedi ; extra == 'all'
  - jinja2 ; extra == 'all'
  - pytest>=8.1.1,<8.2.2 ; extra == 'all'
  - pytest-cov ; extra == 'all'
  - pytest-env ; extra == 'all'
  - pytest-xdist ; extra == 'all'
  - pytest-vcr ; extra == 'all'
  - pytest-asyncio ; extra == 'all'
  - pytest-rerunfailures ; extra == 'all'
  - pytest-mock ; extra == 'all'
  - urllib3<2.0 ; extra == 'all'
  - soundfile ; extra == 'all'
  - pillow ; extra == 'all'
  - gradio>=4.0.0 ; extra == 'all'
  - numpy ; extra == 'all'
  - fastapi ; extra == 'all'
  - ruff>=0.9.0 ; extra == 'all'
  - mypy==1.5.1 ; extra == 'all'
  - libcst==1.4.0 ; extra == 'all'
  - typing-extensions>=4.8.0 ; extra == 'all'
  - types-pyyaml ; extra == 'all'
  - types-requests ; extra == 'all'
  - types-simplejson ; extra == 'all'
  - types-toml ; extra == 'all'
  - types-tqdm ; extra == 'all'
  - types-urllib3 ; extra == 'all'
  - inquirerpy==0.3.4 ; extra == 'cli'
  - inquirerpy==0.3.4 ; extra == 'dev'
  - aiohttp ; extra == 'dev'
  - jedi ; extra == 'dev'
  - jinja2 ; extra == 'dev'
  - pytest>=8.1.1,<8.2.2 ; extra == 'dev'
  - pytest-cov ; extra == 'dev'
  - pytest-env ; extra == 'dev'
  - pytest-xdist ; extra == 'dev'
  - pytest-vcr ; extra == 'dev'
  - pytest-asyncio ; extra == 'dev'
  - pytest-rerunfailures ; extra == 'dev'
  - pytest-mock ; extra == 'dev'
  - urllib3<2.0 ; extra == 'dev'
  - soundfile ; extra == 'dev'
  - pillow ; extra == 'dev'
  - gradio>=4.0.0 ; extra == 'dev'
  - numpy ; extra == 'dev'
  - fastapi ; extra == 'dev'
  - ruff>=0.9.0 ; extra == 'dev'
  - mypy==1.5.1 ; extra == 'dev'
  - libcst==1.4.0 ; extra == 'dev'
  - typing-extensions>=4.8.0 ; extra == 'dev'
  - types-pyyaml ; extra == 'dev'
  - types-requests ; extra == 'dev'
  - types-simplejson ; extra == 'dev'
  - types-toml ; extra == 'dev'
  - types-tqdm ; extra == 'dev'
  - types-urllib3 ; extra == 'dev'
  - toml ; extra == 'fastai'
  - fastai>=2.4 ; extra == 'fastai'
  - fastcore>=1.3.27 ; extra == 'fastai'
  - hf-transfer>=0.1.4 ; extra == 'hf-transfer'
  - hf-xet>=1.1.1,<2.0.0 ; extra == 'hf-xet'
  - aiohttp ; extra == 'inference'
  - ruff>=0.9.0 ; extra == 'quality'
  - mypy==1.5.1 ; extra == 'quality'
  - libcst==1.4.0 ; extra == 'quality'
  - tensorflow ; extra == 'tensorflow'
  - pydot ; extra == 'tensorflow'
  - graphviz ; extra == 'tensorflow'
  - tensorflow ; extra == 'tensorflow-testing'
  - keras<3.0 ; extra == 'tensorflow-testing'
  - inquirerpy==0.3.4 ; extra == 'testing'
  - aiohttp ; extra == 'testing'
  - jedi ; extra == 'testing'
  - jinja2 ; extra == 'testing'
  - pytest>=8.1.1,<8.2.2 ; extra == 'testing'
  - pytest-cov ; extra == 'testing'
  - pytest-env ; extra == 'testing'
  - pytest-xdist ; extra == 'testing'
  - pytest-vcr ; extra == 'testing'
  - pytest-asyncio ; extra == 'testing'
  - pytest-rerunfailures ; extra == 'testing'
  - pytest-mock ; extra == 'testing'
  - urllib3<2.0 ; extra == 'testing'
  - soundfile ; extra == 'testing'
  - pillow ; extra == 'testing'
  - gradio>=4.0.0 ; extra == 'testing'
  - numpy ; extra == 'testing'
  - fastapi ; extra == 'testing'
  - torch ; extra == 'torch'
  - safetensors[torch] ; extra == 'torch'
  - typing-extensions>=4.8.0 ; extra == 'typing'
  - types-pyyaml ; extra == 'typing'
  - types-requests ; extra == 'typing'
  - types-simplejson ; extra == 'typing'
  - types-toml ; extra == 'typing'
  - types-tqdm ; extra == 'typing'
  - types-urllib3 ; extra == 'typing'
  requires_python: '>=3.8.0'
- pypi: https://files.pythonhosted.org/packages/76/c6/c88e154df9c4e1a2a66ccf0005a88dfb2650c1dffb6f5ce603dfbd452ce3/idna-3.10-py3-none-any.whl
  name: idna
  version: '3.10'
  sha256: 946d195a0d259cbba61165e88e65941f16e9b36ea6ddb97f00452bae8b1287d3
  requires_dist:
  - ruff>=0.6.2 ; extra == 'all'
  - mypy>=1.11.2 ; extra == 'all'
  - pytest>=8.3.2 ; extra == 'all'
  - flake8>=7.1.1 ; extra == 'all'
  requires_python: '>=3.6'
- pypi: https://files.pythonhosted.org/packages/62/a1/3d680cbfd5f4b8f15abc1d571870c5fc3e594bb582bc3b64ea099db13e56/jinja2-3.1.6-py3-none-any.whl
  name: jinja2
  version: 3.1.6
  sha256: 85ece4451f492d0c13c5dd7c13a64681a86afae63a5f347908daf103ce6d2f67
  requires_dist:
  - markupsafe>=2.0
  - babel>=2.7 ; extra == 'i18n'
  requires_python: '>=3.7'
- conda: https://conda.anaconda.org/conda-forge/osx-arm64/libexpat-2.7.0-h286801f_0.conda
  sha256: ee550e44765a7bbcb2a0216c063dcd53ac914a7be5386dd0554bd06e6be61840
  md5: 6934bbb74380e045741eb8637641a65b
  depends:
  - __osx >=11.0
  constrains:
  - expat 2.7.0.*
  license: MIT
  license_family: MIT
  purls: []
  size: 65714
  timestamp: 1743431789879
- conda: https://conda.anaconda.org/conda-forge/osx-arm64/libffi-3.4.6-h1da3d7d_1.conda
  sha256: c6a530924a9b14e193ea9adfe92843de2a806d1b7dbfd341546ece9653129e60
  md5: c215a60c2935b517dcda8cad4705734d
  depends:
  - __osx >=11.0
  license: MIT
  license_family: MIT
  purls: []
  size: 39839
  timestamp: 1743434670405
- conda: https://conda.anaconda.org/conda-forge/osx-arm64/liblzma-5.8.1-h39f12f2_1.conda
  sha256: 5ab62c179229640c34491a7de806ad4ab7bec47ea2b5fc2136e3b8cf5ef26a57
  md5: 4e8ef3d79c97c9021b34d682c24c2044
  depends:
  - __osx >=11.0
  constrains:
  - xz 5.8.1.*
  - xz ==5.8.1=*_1
  license: 0BSD
  purls: []
  size: 92218
  timestamp: 1746531818330
- conda: https://conda.anaconda.org/conda-forge/osx-arm64/libmpdec-4.0.0-h99b78c6_0.conda
  sha256: f7917de9117d3a5fe12a39e185c7ce424f8d5010a6f97b4333e8a1dcb2889d16
  md5: 7476305c35dd9acef48da8f754eedb40
  depends:
  - __osx >=11.0
  license: BSD-2-Clause
  license_family: BSD
  purls: []
  size: 69263
  timestamp: 1723817629767
- conda: https://conda.anaconda.org/conda-forge/osx-arm64/libsqlite-3.49.2-h3f77e49_0.conda
  sha256: d89f979497cf56eccb099b6ab9558da7bba1f1ba264f50af554e0ea293d9dcf9
  md5: 85f443033cd5b3df82b5cabf79bddb09
  depends:
  - __osx >=11.0
  - libzlib >=1.3.1,<2.0a0
  license: Unlicense
  purls: []
  size: 899462
  timestamp: 1746637228408
- conda: https://conda.anaconda.org/conda-forge/osx-arm64/libzlib-1.3.1-h8359307_2.conda
  sha256: ce34669eadaba351cd54910743e6a2261b67009624dbc7daeeafdef93616711b
  md5: 369964e85dc26bfe78f41399b366c435
  depends:
  - __osx >=11.0
  constrains:
  - zlib 1.3.1 *_2
  license: Zlib
  license_family: Other
  purls: []
  size: 46438
  timestamp: 1727963202283
- pypi: https://files.pythonhosted.org/packages/2b/6d/9409f3684d3335375d04e5f05744dfe7e9f120062c9857df4ab490a1031a/MarkupSafe-3.0.2-cp313-cp313-macosx_11_0_arm64.whl
  name: markupsafe
  version: 3.0.2
  sha256: f8b3d067f2e40fe93e1ccdd6b2e1d16c43140e76f02fb1319a05cf2b79d99430
  requires_python: '>=3.9'
- pypi: https://files.pythonhosted.org/packages/43/e3/7d92a15f894aa0c9c4b49b8ee9ac9850d6e63b03c9c32c0367a13ae62209/mpmath-1.3.0-py3-none-any.whl
  name: mpmath
  version: 1.3.0
  sha256: a0b2b9fe80bbcd81a6647ff13108738cfb482d481d826cc0e02f5b35e5c88d2c
  requires_dist:
  - pytest>=4.6 ; extra == 'develop'
  - pycodestyle ; extra == 'develop'
  - pytest-cov ; extra == 'develop'
  - codecov ; extra == 'develop'
  - wheel ; extra == 'develop'
  - sphinx ; extra == 'docs'
  - gmpy2>=2.1.0a4 ; platform_python_implementation != 'PyPy' and extra == 'gmpy'
  - pytest>=4.6 ; extra == 'tests'
- conda: https://conda.anaconda.org/conda-forge/osx-arm64/ncurses-6.5-h5e97a16_3.conda
  sha256: 2827ada40e8d9ca69a153a45f7fd14f32b2ead7045d3bbb5d10964898fe65733
  md5: 068d497125e4bf8a66bf707254fff5ae
  depends:
  - __osx >=11.0
  license: X11 AND BSD-3-Clause
  purls: []
  size: 797030
  timestamp: 1738196177597
- pypi: https://files.pythonhosted.org/packages/b9/54/dd730b32ea14ea797530a4479b2ed46a6fb250f682a9cfb997e968bf0261/networkx-3.4.2-py3-none-any.whl
  name: networkx
  version: 3.4.2
  sha256: df5d4365b724cf81b8c6a7312509d0c22386097011ad1abe274afd5e9d3bbc5f
  requires_dist:
  - numpy>=1.24 ; extra == 'default'
  - scipy>=1.10,!=1.11.0,!=1.11.1 ; extra == 'default'
  - matplotlib>=3.7 ; extra == 'default'
  - pandas>=2.0 ; extra == 'default'
  - changelist==0.5 ; extra == 'developer'
  - pre-commit>=3.2 ; extra == 'developer'
  - mypy>=1.1 ; extra == 'developer'
  - rtoml ; extra == 'developer'
  - sphinx>=7.3 ; extra == 'doc'
  - pydata-sphinx-theme>=0.15 ; extra == 'doc'
  - sphinx-gallery>=0.16 ; extra == 'doc'
  - numpydoc>=1.8.0 ; extra == 'doc'
  - pillow>=9.4 ; extra == 'doc'
  - texext>=0.6.7 ; extra == 'doc'
  - myst-nb>=1.1 ; extra == 'doc'
  - intersphinx-registry ; extra == 'doc'
  - osmnx>=1.9 ; extra == 'example'
  - momepy>=0.7.2 ; extra == 'example'
  - contextily>=1.6 ; extra == 'example'
  - seaborn>=0.13 ; extra == 'example'
  - cairocffi>=1.7 ; extra == 'example'
  - igraph>=0.11 ; extra == 'example'
  - scikit-learn>=1.5 ; extra == 'example'
  - lxml>=4.6 ; extra == 'extra'
  - pygraphviz>=1.14 ; extra == 'extra'
  - pydot>=3.0.1 ; extra == 'extra'
  - sympy>=1.10 ; extra == 'extra'
  - pytest>=7.2 ; extra == 'test'
  - pytest-cov>=4.0 ; extra == 'test'
  requires_python: '>=3.10'
- pypi: https://files.pythonhosted.org/packages/dc/9e/14520dc3dadf3c803473bd07e9b2bd1b69bc583cb2497b47000fed2fa92f/numpy-2.2.6-cp313-cp313-macosx_11_0_arm64.whl
  name: numpy
  version: 2.2.6
  sha256: 287cc3162b6f01463ccd86be154f284d0893d2b3ed7292439ea97eafa8170e0b
  requires_python: '>=3.10'
- conda: https://conda.anaconda.org/conda-forge/osx-arm64/openssl-3.5.0-h81ee809_1.conda
  sha256: 73d366c1597a10bcd5f3604b5f0734b31c23225536e03782c6a13f9be9d01bff
  md5: 5c7aef00ef60738a14e0e612cfc5bcde
  depends:
  - __osx >=11.0
  - ca-certificates
  license: Apache-2.0
  license_family: Apache
  purls: []
  size: 3064197
  timestamp: 1746223530698
- pypi: https://files.pythonhosted.org/packages/20/12/38679034af332785aac8774540895e234f4d07f7545804097de4b666afd8/packaging-25.0-py3-none-any.whl
  name: packaging
  version: '25.0'
  sha256: 29572ef2b1f17581046b3a2227d5c611fb25ec70ca1ba8554b24b0e69331a484
  requires_python: '>=3.8'
- conda: https://conda.anaconda.org/conda-forge/osx-arm64/python-3.13.3-h81fe080_101_cp313.conda
  build_number: 101
  sha256: f96468ab1e6f27bda92157bfc7f272d1fbf2ba2f85697bdc5bb106bccba1befb
  md5: b3240ae8c42a3230e0b7f831e1c72e9f
  depends:
  - __osx >=11.0
  - bzip2 >=1.0.8,<2.0a0
  - libexpat >=2.7.0,<3.0a0
  - libffi >=3.4.6,<3.5.0a0
  - liblzma >=5.8.1,<6.0a0
  - libmpdec >=4.0.0,<5.0a0
  - libsqlite >=3.49.1,<4.0a0
  - libzlib >=1.3.1,<2.0a0
  - ncurses >=6.5,<7.0a0
  - openssl >=3.5.0,<4.0a0
  - python_abi 3.13.* *_cp313
  - readline >=8.2,<9.0a0
  - tk >=8.6.13,<8.7.0a0
  - tzdata
  license: Python-2.0
  purls: []
  size: 12136505
  timestamp: 1744663807953
  python_site_packages_path: lib/python3.13/site-packages
- conda: https://conda.anaconda.org/conda-forge/noarch/python_abi-3.13-7_cp313.conda
  build_number: 7
  sha256: 0595134584589064f56e67d3de1d8fcbb673a972946bce25fb593fb092fdcd97
  md5: e84b44e6300f1703cb25d29120c5b1d8
  constrains:
  - python 3.13.* *_cp313
  license: BSD-3-Clause
  license_family: BSD
  purls: []
  size: 6988
  timestamp: 1745258852285
- pypi: https://files.pythonhosted.org/packages/45/9f/3b1c20a0b7a3200524eb0076cc027a970d320bd3a6592873c85c92a08731/PyYAML-6.0.2-cp313-cp313-macosx_11_0_arm64.whl
  name: pyyaml
  version: 6.0.2
  sha256: 50187695423ffe49e2deacb8cd10510bc361faac997de9efef88badc3bb9e2d1
  requires_python: '>=3.8'
- conda: https://conda.anaconda.org/conda-forge/osx-arm64/readline-8.2-h1d1bf99_2.conda
  sha256: 7db04684d3904f6151eff8673270922d31da1eea7fa73254d01c437f49702e34
  md5: 63ef3f6e6d6d5c589e64f11263dc5676
  depends:
  - ncurses >=6.5,<7.0a0
  license: GPL-3.0-only
  license_family: GPL
  purls: []
  size: 252359
  timestamp: 1740379663071
- pypi: https://files.pythonhosted.org/packages/09/c9/4e68181a4a652fb3ef5099e077faf4fd2a694ea6e0f806a7737aff9e758a/regex-2024.11.6-cp313-cp313-macosx_11_0_arm64.whl
  name: regex
  version: 2024.11.6
  sha256: 086a27a0b4ca227941700e0b31425e7a28ef1ae8e5e05a33826e17e47fbfdba0
  requires_python: '>=3.8'
- pypi: https://files.pythonhosted.org/packages/f9/9b/335f9764261e915ed497fcdeb11df5dfd6f7bf257d4a6a2a686d80da4d54/requests-2.32.3-py3-none-any.whl
  name: requests
  version: 2.32.3
  sha256: 70761cfe03c773ceb22aa2f671b4757976145175cdfca038c02654d061d6dcc6
  requires_dist:
  - charset-normalizer>=2,<4
  - idna>=2.5,<4
  - urllib3>=1.21.1,<3
  - certifi>=2017.4.17
  - pysocks>=1.5.6,!=1.5.7 ; extra == 'socks'
  - chardet>=3.0.2,<6 ; extra == 'use-chardet-on-py3'
  requires_python: '>=3.8'
- pypi: https://files.pythonhosted.org/packages/b8/3b/11f1b4a2f5d2ab7da34ecc062b0bc301f2be024d110a6466726bec8c055c/safetensors-0.5.3-cp38-abi3-macosx_11_0_arm64.whl
  name: safetensors
  version: 0.5.3
  sha256: 21d01c14ff6c415c485616b8b0bf961c46b3b343ca59110d38d744e577f9cce7
  requires_dist:
  - numpy>=1.21.6 ; extra == 'numpy'
  - safetensors[numpy] ; extra == 'torch'
  - torch>=1.10 ; extra == 'torch'
  - safetensors[numpy] ; extra == 'tensorflow'
  - tensorflow>=2.11.0 ; extra == 'tensorflow'
  - safetensors[numpy] ; extra == 'pinned-tf'
  - tensorflow==2.18.0 ; extra == 'pinned-tf'
  - safetensors[numpy] ; extra == 'jax'
  - flax>=0.6.3 ; extra == 'jax'
  - jax>=0.3.25 ; extra == 'jax'
  - jaxlib>=0.3.25 ; extra == 'jax'
  - mlx>=0.0.9 ; extra == 'mlx'
  - safetensors[numpy] ; extra == 'paddlepaddle'
  - paddlepaddle>=2.4.1 ; extra == 'paddlepaddle'
  - black==22.3 ; extra == 'quality'
  - click==8.0.4 ; extra == 'quality'
  - isort>=5.5.4 ; extra == 'quality'
  - flake8>=3.8.3 ; extra == 'quality'
  - safetensors[numpy] ; extra == 'testing'
  - h5py>=3.7.0 ; extra == 'testing'
  - huggingface-hub>=0.12.1 ; extra == 'testing'
  - setuptools-rust>=1.5.2 ; extra == 'testing'
  - pytest>=7.2.0 ; extra == 'testing'
  - pytest-benchmark>=4.0.0 ; extra == 'testing'
  - hypothesis>=6.70.2 ; extra == 'testing'
  - safetensors[torch] ; extra == 'all'
  - safetensors[numpy] ; extra == 'all'
  - safetensors[pinned-tf] ; extra == 'all'
  - safetensors[jax] ; extra == 'all'
  - safetensors[paddlepaddle] ; extra == 'all'
  - safetensors[quality] ; extra == 'all'
  - safetensors[testing] ; extra == 'all'
  - safetensors[all] ; extra == 'dev'
  requires_python: '>=3.7'
- pypi: https://files.pythonhosted.org/packages/a1/18/0e835c3a557dc5faffc8f91092f62fc337c1dab1066715842e7a4b318ec4/setuptools-80.7.1-py3-none-any.whl
  name: setuptools
  version: 80.7.1
  sha256: ca5cc1069b85dc23070a6628e6bcecb3292acac802399c7f8edc0100619f9009
  requires_dist:
  - pytest>=6,!=8.1.* ; extra == 'test'
  - virtualenv>=13.0.0 ; extra == 'test'
  - wheel>=0.44.0 ; extra == 'test'
  - pip>=19.1 ; extra == 'test'
  - packaging>=24.2 ; extra == 'test'
  - jaraco-envs>=2.2 ; extra == 'test'
  - pytest-xdist>=3 ; extra == 'test'
  - jaraco-path>=3.7.2 ; extra == 'test'
  - build[virtualenv]>=1.0.3 ; extra == 'test'
  - filelock>=3.4.0 ; extra == 'test'
  - ini2toml[lite]>=0.14 ; extra == 'test'
  - tomli-w>=1.0.0 ; extra == 'test'
  - pytest-timeout ; extra == 'test'
  - pytest-perf ; sys_platform != 'cygwin' and extra == 'test'
  - jaraco-develop>=7.21 ; python_full_version >= '3.9' and sys_platform != 'cygwin' and extra == 'test'
  - pytest-home>=0.5 ; extra == 'test'
  - pytest-subprocess ; extra == 'test'
  - pyproject-hooks!=1.1 ; extra == 'test'
  - jaraco-test>=5.5 ; extra == 'test'
  - sphinx>=3.5 ; extra == 'doc'
  - jaraco-packaging>=9.3 ; extra == 'doc'
  - rst-linker>=1.9 ; extra == 'doc'
  - furo ; extra == 'doc'
  - sphinx-lint ; extra == 'doc'
  - jaraco-tidelift>=1.4 ; extra == 'doc'
  - pygments-github-lexers==0.0.5 ; extra == 'doc'
  - sphinx-favicon ; extra == 'doc'
  - sphinx-inline-tabs ; extra == 'doc'
  - sphinx-reredirects ; extra == 'doc'
  - sphinxcontrib-towncrier ; extra == 'doc'
  - sphinx-notfound-page>=1,<2 ; extra == 'doc'
  - pyproject-hooks!=1.1 ; extra == 'doc'
  - towncrier<24.7 ; extra == 'doc'
  - packaging>=24.2 ; extra == 'core'
  - more-itertools>=8.8 ; extra == 'core'
  - jaraco-text>=3.7 ; extra == 'core'
  - importlib-metadata>=6 ; python_full_version < '3.10' and extra == 'core'
  - tomli>=2.0.1 ; python_full_version < '3.11' and extra == 'core'
  - wheel>=0.43.0 ; extra == 'core'
  - platformdirs>=4.2.2 ; extra == 'core'
  - jaraco-functools>=4 ; extra == 'core'
  - more-itertools ; extra == 'core'
  - pytest-checkdocs>=2.4 ; extra == 'check'
  - pytest-ruff>=0.2.1 ; sys_platform != 'cygwin' and extra == 'check'
  - ruff>=0.8.0 ; sys_platform != 'cygwin' and extra == 'check'
  - pytest-cov ; extra == 'cover'
  - pytest-enabler>=2.2 ; extra == 'enabler'
  - pytest-mypy ; extra == 'type'
  - mypy==1.14.* ; extra == 'type'
  - importlib-metadata>=7.0.2 ; python_full_version < '3.10' and extra == 'type'
  - jaraco-develop>=7.21 ; sys_platform != 'cygwin' and extra == 'type'
  requires_python: '>=3.9'
- pypi: https://files.pythonhosted.org/packages/a2/09/77d55d46fd61b4a135c444fc97158ef34a095e5681d0a6c10b75bf356191/sympy-1.14.0-py3-none-any.whl
  name: sympy
  version: 1.14.0
  sha256: e091cc3e99d2141a0ba2847328f5479b05d94a6635cb96148ccb3f34671bd8f5
  requires_dist:
  - mpmath>=1.1.0,<1.4
  - pytest>=7.1.0 ; extra == 'dev'
  - hypothesis>=6.70.0 ; extra == 'dev'
  requires_python: '>=3.9'
- conda: https://conda.anaconda.org/conda-forge/osx-arm64/tk-8.6.13-h5083fa2_1.conda
  sha256: 72457ad031b4c048e5891f3f6cb27a53cb479db68a52d965f796910e71a403a8
  md5: b50a57ba89c32b62428b71a875291c9b
  depends:
  - libzlib >=1.2.13,<2.0.0a0
  license: TCL
  license_family: BSD
  purls: []
  size: 3145523
  timestamp: 1699202432999
- pypi: https://files.pythonhosted.org/packages/ae/1a/4526797f3719b0287853f12c5ad563a9be09d446c44ac784cdd7c50f76ab/tokenizers-0.21.1-cp39-abi3-macosx_11_0_arm64.whl
  name: tokenizers
  version: 0.21.1
  sha256: cd51cd0a91ecc801633829fcd1fda9cf8682ed3477c6243b9a095539de4aecf3
  requires_dist:
  - huggingface-hub>=0.16.4,<1.0
  - pytest ; extra == 'testing'
  - requests ; extra == 'testing'
  - numpy ; extra == 'testing'
  - datasets ; extra == 'testing'
  - black==22.3 ; extra == 'testing'
  - ruff ; extra == 'testing'
  - sphinx ; extra == 'docs'
  - sphinx-rtd-theme ; extra == 'docs'
  - setuptools-rust ; extra == 'docs'
  - tokenizers[testing] ; extra == 'dev'
  requires_python: '>=3.9'
- pypi: https://files.pythonhosted.org/packages/90/48/7e6477cf40d48cc0a61fa0d41ee9582b9a316b12772fcac17bc1a40178e7/torch-2.7.0-cp313-none-macosx_11_0_arm64.whl
  name: torch
  version: 2.7.0
  sha256: 27f5007bdf45f7bb7af7f11d1828d5c2487e030690afb3d89a651fd7036a390e
  requires_dist:
  - filelock
  - typing-extensions>=4.10.0
  - setuptools ; python_full_version >= '3.12'
  - sympy>=1.13.3
  - networkx
  - jinja2
  - fsspec
  - nvidia-cuda-nvrtc-cu12==12.6.77 ; platform_machine == 'x86_64' and sys_platform == 'linux'
  - nvidia-cuda-runtime-cu12==12.6.77 ; platform_machine == 'x86_64' and sys_platform == 'linux'
  - nvidia-cuda-cupti-cu12==12.6.80 ; platform_machine == 'x86_64' and sys_platform == 'linux'
  - nvidia-cudnn-cu12==9.5.1.17 ; platform_machine == 'x86_64' and sys_platform == 'linux'
  - nvidia-cublas-cu12==12.6.4.1 ; platform_machine == 'x86_64' and sys_platform == 'linux'
  - nvidia-cufft-cu12==11.3.0.4 ; platform_machine == 'x86_64' and sys_platform == 'linux'
  - nvidia-curand-cu12==10.3.7.77 ; platform_machine == 'x86_64' and sys_platform == 'linux'
  - nvidia-cusolver-cu12==11.7.1.2 ; platform_machine == 'x86_64' and sys_platform == 'linux'
  - nvidia-cusparse-cu12==12.5.4.2 ; platform_machine == 'x86_64' and sys_platform == 'linux'
  - nvidia-cusparselt-cu12==0.6.3 ; platform_machine == 'x86_64' and sys_platform == 'linux'
  - nvidia-nccl-cu12==2.26.2 ; platform_machine == 'x86_64' and sys_platform == 'linux'
  - nvidia-nvtx-cu12==12.6.77 ; platform_machine == 'x86_64' and sys_platform == 'linux'
  - nvidia-nvjitlink-cu12==12.6.85 ; platform_machine == 'x86_64' and sys_platform == 'linux'
  - nvidia-cufile-cu12==1.11.1.6 ; platform_machine == 'x86_64' and sys_platform == 'linux'
  - triton==3.3.0 ; platform_machine == 'x86_64' and sys_platform == 'linux'
  - optree>=0.13.0 ; extra == 'optree'
  - opt-einsum>=3.3 ; extra == 'opt-einsum'
  requires_python: '>=3.9.0'
- pypi: https://files.pythonhosted.org/packages/d0/30/dc54f88dd4a2b5dc8a0279bdd7270e735851848b762aeb1c1184ed1f6b14/tqdm-4.67.1-py3-none-any.whl
  name: tqdm
  version: 4.67.1
  sha256: 26445eca388f82e72884e0d580d5464cd801a3ea01e63e5601bdff9ba6a48de2
  requires_dist:
  - colorama ; sys_platform == 'win32'
  - pytest>=6 ; extra == 'dev'
  - pytest-cov ; extra == 'dev'
  - pytest-timeout ; extra == 'dev'
  - pytest-asyncio>=0.24 ; extra == 'dev'
  - nbval ; extra == 'dev'
  - requests ; extra == 'discord'
  - slack-sdk ; extra == 'slack'
  - requests ; extra == 'telegram'
  - ipywidgets>=6 ; extra == 'notebook'
  requires_python: '>=3.7'
- pypi: https://files.pythonhosted.org/packages/a9/b6/5257d04ae327b44db31f15cce39e6020cc986333c715660b1315a9724d82/transformers-4.51.3-py3-none-any.whl
  name: transformers
  version: 4.51.3
  sha256: fd3279633ceb2b777013234bbf0b4f5c2d23c4626b05497691f00cfda55e8a83
  requires_dist:
  - filelock
  - huggingface-hub>=0.30.0,<1.0
  - numpy>=1.17
  - packaging>=20.0
  - pyyaml>=5.1
  - regex!=2019.12.17
  - requests
  - tokenizers>=0.21,<0.22
  - safetensors>=0.4.3
  - tqdm>=4.27
  - accelerate>=0.26.0 ; extra == 'accelerate'
  - diffusers ; extra == 'agents'
  - accelerate>=0.26.0 ; extra == 'agents'
  - datasets!=2.5.0 ; extra == 'agents'
  - torch>=2.0 ; extra == 'agents'
  - sentencepiece>=0.1.91,!=0.1.92 ; extra == 'agents'
  - opencv-python ; extra == 'agents'
  - pillow>=10.0.1,<=15.0 ; extra == 'agents'
  - tensorflow>2.9,<2.16 ; extra == 'all'
  - onnxconverter-common ; extra == 'all'
  - tf2onnx ; extra == 'all'
  - tensorflow-text<2.16 ; extra == 'all'
  - keras-nlp>=0.3.1,<0.14.0 ; extra == 'all'
  - torch>=2.0 ; extra == 'all'
  - accelerate>=0.26.0 ; extra == 'all'
  - jax>=0.4.1,<=0.4.13 ; extra == 'all'
  - jaxlib>=0.4.1,<=0.4.13 ; extra == 'all'
  - flax>=0.4.1,<=0.7.0 ; extra == 'all'
  - optax>=0.0.8,<=0.1.4 ; extra == 'all'
  - scipy<1.13.0 ; extra == 'all'
  - sentencepiece>=0.1.91,!=0.1.92 ; extra == 'all'
  - protobuf ; extra == 'all'
  - tokenizers>=0.21,<0.22 ; extra == 'all'
  - torchaudio ; extra == 'all'
  - librosa ; extra == 'all'
  - pyctcdecode>=0.4.0 ; extra == 'all'
  - phonemizer ; extra == 'all'
  - kenlm ; extra == 'all'
  - pillow>=10.0.1,<=15.0 ; extra == 'all'
  - kernels>=0.3.2,<0.4 ; extra == 'all'
  - optuna ; extra == 'all'
  - ray[tune]>=2.7.0 ; extra == 'all'
  - sigopt ; extra == 'all'
  - timm<=1.0.11 ; extra == 'all'
  - torchvision ; extra == 'all'
  - codecarbon>=2.8.1 ; extra == 'all'
  - av ; extra == 'all'
  - num2words ; extra == 'all'
  - librosa ; extra == 'audio'
  - pyctcdecode>=0.4.0 ; extra == 'audio'
  - phonemizer ; extra == 'audio'
  - kenlm ; extra == 'audio'
  - optimum-benchmark>=0.3.0 ; extra == 'benchmark'
  - codecarbon>=2.8.1 ; extra == 'codecarbon'
  - deepspeed>=0.9.3 ; extra == 'deepspeed'
  - accelerate>=0.26.0 ; extra == 'deepspeed'
  - deepspeed>=0.9.3 ; extra == 'deepspeed-testing'
  - accelerate>=0.26.0 ; extra == 'deepspeed-testing'
  - pytest>=7.2.0,<8.0.0 ; extra == 'deepspeed-testing'
  - pytest-asyncio ; extra == 'deepspeed-testing'
  - pytest-rich ; extra == 'deepspeed-testing'
  - pytest-xdist ; extra == 'deepspeed-testing'
  - pytest-order ; extra == 'deepspeed-testing'
  - pytest-rerunfailures ; extra == 'deepspeed-testing'
  - timeout-decorator ; extra == 'deepspeed-testing'
  - parameterized ; extra == 'deepspeed-testing'
  - psutil ; extra == 'deepspeed-testing'
  - datasets!=2.5.0 ; extra == 'deepspeed-testing'
  - dill<0.3.5 ; extra == 'deepspeed-testing'
  - evaluate>=0.2.0 ; extra == 'deepspeed-testing'
  - pytest-timeout ; extra == 'deepspeed-testing'
  - ruff==0.11.2 ; extra == 'deepspeed-testing'
  - sacrebleu>=1.4.12,<2.0.0 ; extra == 'deepspeed-testing'
  - rouge-score!=0.0.7,!=0.0.8,!=0.1,!=0.1.1 ; extra == 'deepspeed-testing'
  - nltk<=3.8.1 ; extra == 'deepspeed-testing'
  - gitpython<3.1.19 ; extra == 'deepspeed-testing'
  - sacremoses ; extra == 'deepspeed-testing'
  - rjieba ; extra == 'deepspeed-testing'
  - beautifulsoup4 ; extra == 'deepspeed-testing'
  - tensorboard ; extra == 'deepspeed-testing'
  - pydantic ; extra == 'deepspeed-testing'
  - sentencepiece>=0.1.91,!=0.1.92 ; extra == 'deepspeed-testing'
  - faiss-cpu ; extra == 'deepspeed-testing'
  - cookiecutter==1.7.3 ; extra == 'deepspeed-testing'
  - optuna ; extra == 'deepspeed-testing'
  - protobuf ; extra == 'deepspeed-testing'
  - tensorflow>2.9,<2.16 ; extra == 'dev'
  - onnxconverter-common ; extra == 'dev'
  - tf2onnx ; extra == 'dev'
  - tensorflow-text<2.16 ; extra == 'dev'
  - keras-nlp>=0.3.1,<0.14.0 ; extra == 'dev'
  - torch>=2.0 ; extra == 'dev'
  - accelerate>=0.26.0 ; extra == 'dev'
  - jax>=0.4.1,<=0.4.13 ; extra == 'dev'
  - jaxlib>=0.4.1,<=0.4.13 ; extra == 'dev'
  - flax>=0.4.1,<=0.7.0 ; extra == 'dev'
  - optax>=0.0.8,<=0.1.4 ; extra == 'dev'
  - scipy<1.13.0 ; extra == 'dev'
  - sentencepiece>=0.1.91,!=0.1.92 ; extra == 'dev'
  - protobuf ; extra == 'dev'
  - tokenizers>=0.21,<0.22 ; extra == 'dev'
  - torchaudio ; extra == 'dev'
  - librosa ; extra == 'dev'
  - pyctcdecode>=0.4.0 ; extra == 'dev'
  - phonemizer ; extra == 'dev'
  - kenlm ; extra == 'dev'
  - pillow>=10.0.1,<=15.0 ; extra == 'dev'
  - kernels>=0.3.2,<0.4 ; extra == 'dev'
  - optuna ; extra == 'dev'
  - ray[tune]>=2.7.0 ; extra == 'dev'
  - sigopt ; extra == 'dev'
  - timm<=1.0.11 ; extra == 'dev'
  - torchvision ; extra == 'dev'
  - codecarbon>=2.8.1 ; extra == 'dev'
  - av ; extra == 'dev'
  - num2words ; extra == 'dev'
  - pytest>=7.2.0,<8.0.0 ; extra == 'dev'
  - pytest-asyncio ; extra == 'dev'
  - pytest-rich ; extra == 'dev'
  - pytest-xdist ; extra == 'dev'
  - pytest-order ; extra == 'dev'
  - pytest-rerunfailures ; extra == 'dev'
  - timeout-decorator ; extra == 'dev'
  - parameterized ; extra == 'dev'
  - psutil ; extra == 'dev'
  - datasets!=2.5.0 ; extra == 'dev'
  - dill<0.3.5 ; extra == 'dev'
  - evaluate>=0.2.0 ; extra == 'dev'
  - pytest-timeout ; extra == 'dev'
  - ruff==0.11.2 ; extra == 'dev'
  - sacrebleu>=1.4.12,<2.0.0 ; extra == 'dev'
  - rouge-score!=0.0.7,!=0.0.8,!=0.1,!=0.1.1 ; extra == 'dev'
  - nltk<=3.8.1 ; extra == 'dev'
  - gitpython<3.1.19 ; extra == 'dev'
  - sacremoses ; extra == 'dev'
  - rjieba ; extra == 'dev'
  - beautifulsoup4 ; extra == 'dev'
  - tensorboard ; extra == 'dev'
  - pydantic ; extra == 'dev'
  - faiss-cpu ; extra == 'dev'
  - cookiecutter==1.7.3 ; extra == 'dev'
  - isort>=5.5.4 ; extra == 'dev'
  - urllib3<2.0.0 ; extra == 'dev'
  - libcst ; extra == 'dev'
  - rich ; extra == 'dev'
  - fugashi>=1.0 ; extra == 'dev'
  - ipadic>=1.0.0,<2.0 ; extra == 'dev'
  - unidic-lite>=1.0.7 ; extra == 'dev'
  - unidic>=1.0.2 ; extra == 'dev'
  - sudachipy>=0.6.6 ; extra == 'dev'
  - sudachidict-core>=20220729 ; extra == 'dev'
  - rhoknp>=1.1.0,<1.3.1 ; extra == 'dev'
  - scikit-learn ; extra == 'dev'
  - pytest>=7.2.0,<8.0.0 ; extra == 'dev-tensorflow'
  - pytest-asyncio ; extra == 'dev-tensorflow'
  - pytest-rich ; extra == 'dev-tensorflow'
  - pytest-xdist ; extra == 'dev-tensorflow'
  - pytest-order ; extra == 'dev-tensorflow'
  - pytest-rerunfailures ; extra == 'dev-tensorflow'
  - timeout-decorator ; extra == 'dev-tensorflow'
  - parameterized ; extra == 'dev-tensorflow'
  - psutil ; extra == 'dev-tensorflow'
  - datasets!=2.5.0 ; extra == 'dev-tensorflow'
  - dill<0.3.5 ; extra == 'dev-tensorflow'
  - evaluate>=0.2.0 ; extra == 'dev-tensorflow'
  - pytest-timeout ; extra == 'dev-tensorflow'
  - ruff==0.11.2 ; extra == 'dev-tensorflow'
  - sacrebleu>=1.4.12,<2.0.0 ; extra == 'dev-tensorflow'
  - rouge-score!=0.0.7,!=0.0.8,!=0.1,!=0.1.1 ; extra == 'dev-tensorflow'
  - nltk<=3.8.1 ; extra == 'dev-tensorflow'
  - gitpython<3.1.19 ; extra == 'dev-tensorflow'
  - sacremoses ; extra == 'dev-tensorflow'
  - rjieba ; extra == 'dev-tensorflow'
  - beautifulsoup4 ; extra == 'dev-tensorflow'
  - tensorboard ; extra == 'dev-tensorflow'
  - pydantic ; extra == 'dev-tensorflow'
  - sentencepiece>=0.1.91,!=0.1.92 ; extra == 'dev-tensorflow'
  - faiss-cpu ; extra == 'dev-tensorflow'
  - cookiecutter==1.7.3 ; extra == 'dev-tensorflow'
  - tensorflow>2.9,<2.16 ; extra == 'dev-tensorflow'
  - onnxconverter-common ; extra == 'dev-tensorflow'
  - tf2onnx ; extra == 'dev-tensorflow'
  - tensorflow-text<2.16 ; extra == 'dev-tensorflow'
  - keras-nlp>=0.3.1,<0.14.0 ; extra == 'dev-tensorflow'
  - protobuf ; extra == 'dev-tensorflow'
  - tokenizers>=0.21,<0.22 ; extra == 'dev-tensorflow'
  - pillow>=10.0.1,<=15.0 ; extra == 'dev-tensorflow'
  - isort>=5.5.4 ; extra == 'dev-tensorflow'
  - urllib3<2.0.0 ; extra == 'dev-tensorflow'
  - libcst ; extra == 'dev-tensorflow'
  - rich ; extra == 'dev-tensorflow'
  - scikit-learn ; extra == 'dev-tensorflow'
  - onnxruntime>=1.4.0 ; extra == 'dev-tensorflow'
  - onnxruntime-tools>=1.4.2 ; extra == 'dev-tensorflow'
  - librosa ; extra == 'dev-tensorflow'
  - pyctcdecode>=0.4.0 ; extra == 'dev-tensorflow'
  - phonemizer ; extra == 'dev-tensorflow'
  - kenlm ; extra == 'dev-tensorflow'
  - pytest>=7.2.0,<8.0.0 ; extra == 'dev-torch'
  - pytest-asyncio ; extra == 'dev-torch'
  - pytest-rich ; extra == 'dev-torch'
  - pytest-xdist ; extra == 'dev-torch'
  - pytest-order ; extra == 'dev-torch'
  - pytest-rerunfailures ; extra == 'dev-torch'
  - timeout-decorator ; extra == 'dev-torch'
  - parameterized ; extra == 'dev-torch'
  - psutil ; extra == 'dev-torch'
  - datasets!=2.5.0 ; extra == 'dev-torch'
  - dill<0.3.5 ; extra == 'dev-torch'
  - evaluate>=0.2.0 ; extra == 'dev-torch'
  - pytest-timeout ; extra == 'dev-torch'
  - ruff==0.11.2 ; extra == 'dev-torch'
  - sacrebleu>=1.4.12,<2.0.0 ; extra == 'dev-torch'
  - rouge-score!=0.0.7,!=0.0.8,!=0.1,!=0.1.1 ; extra == 'dev-torch'
  - nltk<=3.8.1 ; extra == 'dev-torch'
  - gitpython<3.1.19 ; extra == 'dev-torch'
  - sacremoses ; extra == 'dev-torch'
  - rjieba ; extra == 'dev-torch'
  - beautifulsoup4 ; extra == 'dev-torch'
  - tensorboard ; extra == 'dev-torch'
  - pydantic ; extra == 'dev-torch'
  - sentencepiece>=0.1.91,!=0.1.92 ; extra == 'dev-torch'
  - faiss-cpu ; extra == 'dev-torch'
  - cookiecutter==1.7.3 ; extra == 'dev-torch'
  - torch>=2.0 ; extra == 'dev-torch'
  - accelerate>=0.26.0 ; extra == 'dev-torch'
  - protobuf ; extra == 'dev-torch'
  - tokenizers>=0.21,<0.22 ; extra == 'dev-torch'
  - torchaudio ; extra == 'dev-torch'
  - librosa ; extra == 'dev-torch'
  - pyctcdecode>=0.4.0 ; extra == 'dev-torch'
  - phonemizer ; extra == 'dev-torch'
  - kenlm ; extra == 'dev-torch'
  - pillow>=10.0.1,<=15.0 ; extra == 'dev-torch'
  - kernels>=0.3.2,<0.4 ; extra == 'dev-torch'
  - optuna ; extra == 'dev-torch'
  - ray[tune]>=2.7.0 ; extra == 'dev-torch'
  - sigopt ; extra == 'dev-torch'
  - timm<=1.0.11 ; extra == 'dev-torch'
  - torchvision ; extra == 'dev-torch'
  - codecarbon>=2.8.1 ; extra == 'dev-torch'
  - isort>=5.5.4 ; extra == 'dev-torch'
  - urllib3<2.0.0 ; extra == 'dev-torch'
  - libcst ; extra == 'dev-torch'
  - rich ; extra == 'dev-torch'
  - fugashi>=1.0 ; extra == 'dev-torch'
  - ipadic>=1.0.0,<2.0 ; extra == 'dev-torch'
  - unidic-lite>=1.0.7 ; extra == 'dev-torch'
  - unidic>=1.0.2 ; extra == 'dev-torch'
  - sudachipy>=0.6.6 ; extra == 'dev-torch'
  - sudachidict-core>=20220729 ; extra == 'dev-torch'
  - rhoknp>=1.1.0,<1.3.1 ; extra == 'dev-torch'
  - scikit-learn ; extra == 'dev-torch'
  - onnxruntime>=1.4.0 ; extra == 'dev-torch'
  - onnxruntime-tools>=1.4.2 ; extra == 'dev-torch'
  - num2words ; extra == 'dev-torch'
  - jax>=0.4.1,<=0.4.13 ; extra == 'flax'
  - jaxlib>=0.4.1,<=0.4.13 ; extra == 'flax'
  - flax>=0.4.1,<=0.7.0 ; extra == 'flax'
  - optax>=0.0.8,<=0.1.4 ; extra == 'flax'
  - scipy<1.13.0 ; extra == 'flax'
  - librosa ; extra == 'flax-speech'
  - pyctcdecode>=0.4.0 ; extra == 'flax-speech'
  - phonemizer ; extra == 'flax-speech'
  - kenlm ; extra == 'flax-speech'
  - ftfy ; extra == 'ftfy'
  - hf-xet ; extra == 'hf-xet'
  - kernels>=0.3.2,<0.4 ; extra == 'hub-kernels'
  - kernels>=0.3.2,<0.4 ; extra == 'integrations'
  - optuna ; extra == 'integrations'
  - ray[tune]>=2.7.0 ; extra == 'integrations'
  - sigopt ; extra == 'integrations'
  - fugashi>=1.0 ; extra == 'ja'
  - ipadic>=1.0.0,<2.0 ; extra == 'ja'
  - unidic-lite>=1.0.7 ; extra == 'ja'
  - unidic>=1.0.2 ; extra == 'ja'
  - sudachipy>=0.6.6 ; extra == 'ja'
  - sudachidict-core>=20220729 ; extra == 'ja'
  - rhoknp>=1.1.0,<1.3.1 ; extra == 'ja'
  - cookiecutter==1.7.3 ; extra == 'modelcreation'
  - natten>=0.14.6,<0.15.0 ; extra == 'natten'
  - num2words ; extra == 'num2words'
  - onnxconverter-common ; extra == 'onnx'
  - tf2onnx ; extra == 'onnx'
  - onnxruntime>=1.4.0 ; extra == 'onnx'
  - onnxruntime-tools>=1.4.2 ; extra == 'onnx'
  - onnxruntime>=1.4.0 ; extra == 'onnxruntime'
  - onnxruntime-tools>=1.4.2 ; extra == 'onnxruntime'
  - optuna ; extra == 'optuna'
  - datasets!=2.5.0 ; extra == 'quality'
  - isort>=5.5.4 ; extra == 'quality'
  - ruff==0.11.2 ; extra == 'quality'
  - gitpython<3.1.19 ; extra == 'quality'
  - urllib3<2.0.0 ; extra == 'quality'
  - libcst ; extra == 'quality'
  - rich ; extra == 'quality'
  - ray[tune]>=2.7.0 ; extra == 'ray'
  - faiss-cpu ; extra == 'retrieval'
  - datasets!=2.5.0 ; extra == 'retrieval'
  - ruff==0.11.2 ; extra == 'ruff'
  - sagemaker>=2.31.0 ; extra == 'sagemaker'
  - sentencepiece>=0.1.91,!=0.1.92 ; extra == 'sentencepiece'
  - protobuf ; extra == 'sentencepiece'
  - pydantic ; extra == 'serving'
  - uvicorn ; extra == 'serving'
  - fastapi ; extra == 'serving'
  - starlette ; extra == 'serving'
  - sigopt ; extra == 'sigopt'
  - scikit-learn ; extra == 'sklearn'
  - torchaudio ; extra == 'speech'
  - librosa ; extra == 'speech'
  - pyctcdecode>=0.4.0 ; extra == 'speech'
  - phonemizer ; extra == 'speech'
  - kenlm ; extra == 'speech'
  - pytest>=7.2.0,<8.0.0 ; extra == 'testing'
  - pytest-asyncio ; extra == 'testing'
  - pytest-rich ; extra == 'testing'
  - pytest-xdist ; extra == 'testing'
  - pytest-order ; extra == 'testing'
  - pytest-rerunfailures ; extra == 'testing'
  - timeout-decorator ; extra == 'testing'
  - parameterized ; extra == 'testing'
  - psutil ; extra == 'testing'
  - datasets!=2.5.0 ; extra == 'testing'
  - dill<0.3.5 ; extra == 'testing'
  - evaluate>=0.2.0 ; extra == 'testing'
  - pytest-timeout ; extra == 'testing'
  - ruff==0.11.2 ; extra == 'testing'
  - sacrebleu>=1.4.12,<2.0.0 ; extra == 'testing'
  - rouge-score!=0.0.7,!=0.0.8,!=0.1,!=0.1.1 ; extra == 'testing'
  - nltk<=3.8.1 ; extra == 'testing'
  - gitpython<3.1.19 ; extra == 'testing'
  - sacremoses ; extra == 'testing'
  - rjieba ; extra == 'testing'
  - beautifulsoup4 ; extra == 'testing'
  - tensorboard ; extra == 'testing'
  - pydantic ; extra == 'testing'
  - sentencepiece>=0.1.91,!=0.1.92 ; extra == 'testing'
  - faiss-cpu ; extra == 'testing'
  - cookiecutter==1.7.3 ; extra == 'testing'
  - tensorflow>2.9,<2.16 ; extra == 'tf'
  - onnxconverter-common ; extra == 'tf'
  - tf2onnx ; extra == 'tf'
  - tensorflow-text<2.16 ; extra == 'tf'
  - keras-nlp>=0.3.1,<0.14.0 ; extra == 'tf'
  - keras>2.9,<2.16 ; extra == 'tf-cpu'
  - tensorflow-cpu>2.9,<2.16 ; extra == 'tf-cpu'
  - onnxconverter-common ; extra == 'tf-cpu'
  - tf2onnx ; extra == 'tf-cpu'
  - tensorflow-text<2.16 ; extra == 'tf-cpu'
  - keras-nlp>=0.3.1,<0.14.0 ; extra == 'tf-cpu'
  - tensorflow-probability<0.24 ; extra == 'tf-cpu'
  - librosa ; extra == 'tf-speech'
  - pyctcdecode>=0.4.0 ; extra == 'tf-speech'
  - phonemizer ; extra == 'tf-speech'
  - kenlm ; extra == 'tf-speech'
  - tiktoken ; extra == 'tiktoken'
  - blobfile ; extra == 'tiktoken'
  - timm<=1.0.11 ; extra == 'timm'
  - tokenizers>=0.21,<0.22 ; extra == 'tokenizers'
  - torch>=2.0 ; extra == 'torch'
  - accelerate>=0.26.0 ; extra == 'torch'
  - torchaudio ; extra == 'torch-speech'
  - librosa ; extra == 'torch-speech'
  - pyctcdecode>=0.4.0 ; extra == 'torch-speech'
  - phonemizer ; extra == 'torch-speech'
  - kenlm ; extra == 'torch-speech'
  - torchvision ; extra == 'torch-vision'
  - pillow>=10.0.1,<=15.0 ; extra == 'torch-vision'
  - filelock ; extra == 'torchhub'
  - huggingface-hub>=0.30.0,<1.0 ; extra == 'torchhub'
  - importlib-metadata ; extra == 'torchhub'
  - numpy>=1.17 ; extra == 'torchhub'
  - packaging>=20.0 ; extra == 'torchhub'
  - protobuf ; extra == 'torchhub'
  - regex!=2019.12.17 ; extra == 'torchhub'
  - requests ; extra == 'torchhub'
  - sentencepiece>=0.1.91,!=0.1.92 ; extra == 'torchhub'
  - torch>=2.0 ; extra == 'torchhub'
  - tokenizers>=0.21,<0.22 ; extra == 'torchhub'
  - tqdm>=4.27 ; extra == 'torchhub'
  - av ; extra == 'video'
  - pillow>=10.0.1,<=15.0 ; extra == 'vision'
  requires_python: '>=3.9.0'
- pypi: https://files.pythonhosted.org/packages/8b/54/b1ae86c0973cc6f0210b53d508ca3641fb6d0c56823f288d108bc7ab3cc8/typing_extensions-4.13.2-py3-none-any.whl
  name: typing-extensions
  version: 4.13.2
  sha256: a439e7c04b49fec3e5d3e2beaa21755cadbbdc391694e28ccdd36ca4a1408f8c
  requires_python: '>=3.8'
- conda: https://conda.anaconda.org/conda-forge/noarch/tzdata-2025b-h78e105d_0.conda
  sha256: 5aaa366385d716557e365f0a4e9c3fca43ba196872abbbe3d56bb610d131e192
  md5: 4222072737ccff51314b5ece9c7d6f5a
  license: LicenseRef-Public-Domain
  purls: []
  size: 122968
  timestamp: 1742727099393
- pypi: https://files.pythonhosted.org/packages/6b/11/cc635220681e93a0183390e26485430ca2c7b5f9d33b15c74c2861cb8091/urllib3-2.4.0-py3-none-any.whl
  name: urllib3
  version: 2.4.0
  sha256: 4e16665048960a0900c702d4a66415956a584919c03361cac9f1df5c5dd7e813
  requires_dist:
  - brotli>=1.0.9 ; platform_python_implementation == 'CPython' and extra == 'brotli'
  - brotlicffi>=0.8.0 ; platform_python_implementation != 'CPython' and extra == 'brotli'
  - h2>=4,<5 ; extra == 'h2'
  - pysocks>=1.5.6,!=1.5.7,<2.0 ; extra == 'socks'
  - zstandard>=0.18.0 ; extra == 'zstd'
  requires_python: '>=3.9'
